// !$*UTF8*$!
{
	archiveVersion = 1;
	classes = {
	};
	objectVersion = 55;
	objects = {

/* Begin PBXBuildFile section */
		03482948289C6B0A00B6AF5D /* AppDelegate.swift in Sources */ = {isa = PBXBuildFile; fileRef = 03482947289C6B0A00B6AF5D /* AppDelegate.swift */; };
		0348294A289C6B0A00B6AF5D /* SceneDelegate.swift in Sources */ = {isa = PBXBuildFile; fileRef = 03482949289C6B0A00B6AF5D /* SceneDelegate.swift */; };
		0348294C289C6B0A00B6AF5D /* ViewController.swift in Sources */ = {isa = PBXBuildFile; fileRef = 0348294B289C6B0A00B6AF5D /* ViewController.swift */; };
		0348294F289C6B0A00B6AF5D /* Main.storyboard in Resources */ = {isa = PBXBuildFile; fileRef = 0348294D289C6B0A00B6AF5D /* Main.storyboard */; };
		03482951289C6B0D00B6AF5D /* Assets.xcassets in Resources */ = {isa = PBXBuildFile; fileRef = 03482950289C6B0D00B6AF5D /* Assets.xcassets */; };
		03482954289C6B0D00B6AF5D /* LaunchScreen.storyboard in Resources */ = {isa = PBXBuildFile; fileRef = 03482952289C6B0D00B6AF5D /* LaunchScreen.storyboard */; };
		0348295F289C6B0D00B6AF5D /* cellTests.swift in Sources */ = {isa = PBXBuildFile; fileRef = 0348295E289C6B0D00B6AF5D /* cellTests.swift */; };
		03482969289C6B0D00B6AF5D /* cellUITests.swift in Sources */ = {isa = PBXBuildFile; fileRef = 03482968289C6B0D00B6AF5D /* cellUITests.swift */; };
		0348296B289C6B0D00B6AF5D /* cellUITestsLaunchTests.swift in Sources */ = {isa = PBXBuildFile; fileRef = 0348296A289C6B0D00B6AF5D /* cellUITestsLaunchTests.swift */; };
		0348297D289C6B9F00B6AF5D /* TableViewCell.swift in Sources */ = {isa = PBXBuildFile; fileRef = 0348297B289C6B9F00B6AF5D /* TableViewCell.swift */; };
		0348297E289C6B9F00B6AF5D /* TableViewCell.xib in Resources */ = {isa = PBXBuildFile; fileRef = 0348297C289C6B9F00B6AF5D /* TableViewCell.xib */; };
/* End PBXBuildFile section */

/* Begin PBXContainerItemProxy section */
		0348295B289C6B0D00B6AF5D /* PBXContainerItemProxy */ = {
			isa = PBXContainerItemProxy;
			containerPortal = 0348293C289C6B0A00B6AF5D /* Project object */;
			proxyType = 1;
			remoteGlobalIDString = 03482943289C6B0A00B6AF5D;
			remoteInfo = cell;
		};
		03482965289C6B0D00B6AF5D /* PBXContainerItemProxy */ = {
			isa = PBXContainerItemProxy;
			containerPortal = 0348293C289C6B0A00B6AF5D /* Project object */;
			proxyType = 1;
			remoteGlobalIDString = 03482943289C6B0A00B6AF5D;
			remoteInfo = cell;
		};
/* End PBXContainerItemProxy section */

/* Begin PBXFileReference section */
		03482944289C6B0A00B6AF5D /* cell.app */ = {isa = PBXFileReference; explicitFileType = wrapper.application; includeInIndex = 0; path = cell.app; sourceTree = BUILT_PRODUCTS_DIR; };
		03482947289C6B0A00B6AF5D /* AppDelegate.swift */ = {isa = PBXFileReference; lastKnownFileType = sourcecode.swift; path = AppDelegate.swift; sourceTree = "<group>"; };
		03482949289C6B0A00B6AF5D /* SceneDelegate.swift */ = {isa = PBXFileReference; lastKnownFileType = sourcecode.swift; path = SceneDelegate.swift; sourceTree = "<group>"; };
		0348294B289C6B0A00B6AF5D /* ViewController.swift */ = {isa = PBXFileReference; lastKnownFileType = sourcecode.swift; path = ViewController.swift; sourceTree = "<group>"; };
		0348294E289C6B0A00B6AF5D /* Base */ = {isa = PBXFileReference; lastKnownFileType = file.storyboard; name = Base; path = Base.lproj/Main.storyboard; sourceTree = "<group>"; };
		03482950289C6B0D00B6AF5D /* Assets.xcassets */ = {isa = PBXFileReference; lastKnownFileType = folder.assetcatalog; path = Assets.xcassets; sourceTree = "<group>"; };
		03482953289C6B0D00B6AF5D /* Base */ = {isa = PBXFileReference; lastKnownFileType = file.storyboard; name = Base; path = Base.lproj/LaunchScreen.storyboard; sourceTree = "<group>"; };
		03482955289C6B0D00B6AF5D /* Info.plist */ = {isa = PBXFileReference; lastKnownFileType = text.plist.xml; path = Info.plist; sourceTree = "<group>"; };
		0348295A289C6B0D00B6AF5D /* cellTests.xctest */ = {isa = PBXFileReference; explicitFileType = wrapper.cfbundle; includeInIndex = 0; path = cellTests.xctest; sourceTree = BUILT_PRODUCTS_DIR; };
		0348295E289C6B0D00B6AF5D /* cellTests.swift */ = {isa = PBXFileReference; lastKnownFileType = sourcecode.swift; path = cellTests.swift; sourceTree = "<group>"; };
		03482964289C6B0D00B6AF5D /* cellUITests.xctest */ = {isa = PBXFileReference; explicitFileType = wrapper.cfbundle; includeInIndex = 0; path = cellUITests.xctest; sourceTree = BUILT_PRODUCTS_DIR; };
		03482968289C6B0D00B6AF5D /* cellUITests.swift */ = {isa = PBXFileReference; lastKnownFileType = sourcecode.swift; path = cellUITests.swift; sourceTree = "<group>"; };
		0348296A289C6B0D00B6AF5D /* cellUITestsLaunchTests.swift */ = {isa = PBXFileReference; lastKnownFileType = sourcecode.swift; path = cellUITestsLaunchTests.swift; sourceTree = "<group>"; };
		0348297B289C6B9F00B6AF5D /* TableViewCell.swift */ = {isa = PBXFileReference; lastKnownFileType = sourcecode.swift; path = TableViewCell.swift; sourceTree = "<group>"; };
		0348297C289C6B9F00B6AF5D /* TableViewCell.xib */ = {isa = PBXFileReference; lastKnownFileType = file.xib; path = TableViewCell.xib; sourceTree = "<group>"; };
/* End PBXFileReference section */

/* Begin PBXFrameworksBuildPhase section */
		03482941289C6B0A00B6AF5D /* Frameworks */ = {
			isa = PBXFrameworksBuildPhase;
			buildActionMask = 2147483647;
			files = (
			);
			runOnlyForDeploymentPostprocessing = 0;
		};
		03482957289C6B0D00B6AF5D /* Frameworks */ = {
			isa = PBXFrameworksBuildPhase;
			buildActionMask = 2147483647;
			files = (
			);
			runOnlyForDeploymentPostprocessing = 0;
		};
		03482961289C6B0D00B6AF5D /* Frameworks */ = {
			isa = PBXFrameworksBuildPhase;
			buildActionMask = 2147483647;
			files = (
			);
			runOnlyForDeploymentPostprocessing = 0;
		};
/* End PBXFrameworksBuildPhase section */

/* Begin PBXGroup section */
		0348293B289C6B0A00B6AF5D = {
			isa = PBXGroup;
			children = (
				03482946289C6B0A00B6AF5D /* cell */,
				0348295D289C6B0D00B6AF5D /* cellTests */,
				03482967289C6B0D00B6AF5D /* cellUITests */,
				03482945289C6B0A00B6AF5D /* Products */,
			);
			sourceTree = "<group>";
		};
		03482945289C6B0A00B6AF5D /* Products */ = {
			isa = PBXGroup;
			children = (
				03482944289C6B0A00B6AF5D /* cell.app */,
				0348295A289C6B0D00B6AF5D /* cellTests.xctest */,
				03482964289C6B0D00B6AF5D /* cellUITests.xctest */,
			);
			name = Products;
			sourceTree = "<group>";
		};
		03482946289C6B0A00B6AF5D /* cell */ = {
			isa = PBXGroup;
			children = (
				03482947289C6B0A00B6AF5D /* AppDelegate.swift */,
				03482949289C6B0A00B6AF5D /* SceneDelegate.swift */,
				0348294B289C6B0A00B6AF5D /* ViewController.swift */,
				0348294D289C6B0A00B6AF5D /* Main.storyboard */,
				03482950289C6B0D00B6AF5D /* Assets.xcassets */,
				03482952289C6B0D00B6AF5D /* LaunchScreen.storyboard */,
				03482955289C6B0D00B6AF5D /* Info.plist */,
				0348297B289C6B9F00B6AF5D /* TableViewCell.swift */,
				0348297C289C6B9F00B6AF5D /* TableViewCell.xib */,
			);
			path = cell;
			sourceTree = "<group>";
		};
		0348295D289C6B0D00B6AF5D /* cellTests */ = {
			isa = PBXGroup;
			children = (
				0348295E289C6B0D00B6AF5D /* cellTests.swift */,
			);
			path = cellTests;
			sourceTree = "<group>";
		};
		03482967289C6B0D00B6AF5D /* cellUITests */ = {
			isa = PBXGroup;
			children = (
				03482968289C6B0D00B6AF5D /* cellUITests.swift */,
				0348296A289C6B0D00B6AF5D /* cellUITestsLaunchTests.swift */,
			);
			path = cellUITests;
			sourceTree = "<group>";
		};
/* End PBXGroup section */

/* Begin PBXNativeTarget section */
		03482943289C6B0A00B6AF5D /* cell */ = {
			isa = PBXNativeTarget;
			buildConfigurationList = 0348296E289C6B0D00B6AF5D /* Build configuration list for PBXNativeTarget "cell" */;
			buildPhases = (
				03482940289C6B0A00B6AF5D /* Sources */,
				03482941289C6B0A00B6AF5D /* Frameworks */,
				03482942289C6B0A00B6AF5D /* Resources */,
			);
			buildRules = (
			);
			dependencies = (
			);
			name = cell;
			productName = cell;
			productReference = 03482944289C6B0A00B6AF5D /* cell.app */;
			productType = "com.apple.product-type.application";
		};
		03482959289C6B0D00B6AF5D /* cellTests */ = {
			isa = PBXNativeTarget;
			buildConfigurationList = 03482971289C6B0D00B6AF5D /* Build configuration list for PBXNativeTarget "cellTests" */;
			buildPhases = (
				03482956289C6B0D00B6AF5D /* Sources */,
				03482957289C6B0D00B6AF5D /* Frameworks */,
				03482958289C6B0D00B6AF5D /* Resources */,
			);
			buildRules = (
			);
			dependencies = (
				0348295C289C6B0D00B6AF5D /* PBXTargetDependency */,
			);
			name = cellTests;
			productName = cellTests;
			productReference = 0348295A289C6B0D00B6AF5D /* cellTests.xctest */;
			productType = "com.apple.product-type.bundle.unit-test";
		};
		03482963289C6B0D00B6AF5D /* cellUITests */ = {
			isa = PBXNativeTarget;
			buildConfigurationList = 03482974289C6B0D00B6AF5D /* Build configuration list for PBXNativeTarget "cellUITests" */;
			buildPhases = (
				03482960289C6B0D00B6AF5D /* Sources */,
				03482961289C6B0D00B6AF5D /* Frameworks */,
				03482962289C6B0D00B6AF5D /* Resources */,
			);
			buildRules = (
			);
			dependencies = (
				03482966289C6B0D00B6AF5D /* PBXTargetDependency */,
			);
			name = cellUITests;
			productName = cellUITests;
			productReference = 03482964289C6B0D00B6AF5D /* cellUITests.xctest */;
			productType = "com.apple.product-type.bundle.ui-testing";
		};
/* End PBXNativeTarget section */

/* Begin PBXProject section */
		0348293C289C6B0A00B6AF5D /* Project object */ = {
			isa = PBXProject;
			attributes = {
				BuildIndependentTargetsInParallel = 1;
				LastSwiftUpdateCheck = 1340;
				LastUpgradeCheck = 1340;
				TargetAttributes = {
					03482943289C6B0A00B6AF5D = {
						CreatedOnToolsVersion = 13.4;
					};
					03482959289C6B0D00B6AF5D = {
						CreatedOnToolsVersion = 13.4;
						TestTargetID = 03482943289C6B0A00B6AF5D;
					};
					03482963289C6B0D00B6AF5D = {
						CreatedOnToolsVersion = 13.4;
						TestTargetID = 03482943289C6B0A00B6AF5D;
					};
				};
			};
			buildConfigurationList = 0348293F289C6B0A00B6AF5D /* Build configuration list for PBXProject "cell" */;
			compatibilityVersion = "Xcode 13.0";
			developmentRegion = en;
			hasScannedForEncodings = 0;
			knownRegions = (
				en,
				Base,
			);
			mainGroup = 0348293B289C6B0A00B6AF5D;
			productRefGroup = 03482945289C6B0A00B6AF5D /* Products */;
			projectDirPath = "";
			projectRoot = "";
			targets = (
				03482943289C6B0A00B6AF5D /* cell */,
				03482959289C6B0D00B6AF5D /* cellTests */,
				03482963289C6B0D00B6AF5D /* cellUITests */,
			);
		};
/* End PBXProject section */

/* Begin PBXResourcesBuildPhase section */
		03482942289C6B0A00B6AF5D /* Resources */ = {
			isa = PBXResourcesBuildPhase;
			buildActionMask = 2147483647;
			files = (
				03482954289C6B0D00B6AF5D /* LaunchScreen.storyboard in Resources */,
				0348297E289C6B9F00B6AF5D /* TableViewCell.xib in Resources */,
				03482951289C6B0D00B6AF5D /* Assets.xcassets in Resources */,
				0348294F289C6B0A00B6AF5D /* Main.storyboard in Resources */,
			);
			runOnlyForDeploymentPostprocessing = 0;
		};
		03482958289C6B0D00B6AF5D /* Resources */ = {
			isa = PBXResourcesBuildPhase;
			buildActionMask = 2147483647;
			files = (
			);
			runOnlyForDeploymentPostprocessing = 0;
		};
		03482962289C6B0D00B6AF5D /* Resources */ = {
			isa = PBXResourcesBuildPhase;
			buildActionMask = 2147483647;
			files = (
			);
			runOnlyForDeploymentPostprocessing = 0;
		};
/* End PBXResourcesBuildPhase section */

/* Begin PBXSourcesBuildPhase section */
		03482940289C6B0A00B6AF5D /* Sources */ = {
			isa = PBXSourcesBuildPhase;
			buildActionMask = 2147483647;
			files = (
				0348294C289C6B0A00B6AF5D /* ViewController.swift in Sources */,
				0348297D289C6B9F00B6AF5D /* TableViewCell.swift in Sources */,
				03482948289C6B0A00B6AF5D /* AppDelegate.swift in Sources */,
				0348294A289C6B0A00B6AF5D /* SceneDelegate.swift in Sources */,
			);
			runOnlyForDeploymentPostprocessing = 0;
		};
		03482956289C6B0D00B6AF5D /* Sources */ = {
			isa = PBXSourcesBuildPhase;
			buildActionMask = 2147483647;
			files = (
				0348295F289C6B0D00B6AF5D /* cellTests.swift in Sources */,
			);
			runOnlyForDeploymentPostprocessing = 0;
		};
		03482960289C6B0D00B6AF5D /* Sources */ = {
			isa = PBXSourcesBuildPhase;
			buildActionMask = 2147483647;
			files = (
				0348296B289C6B0D00B6AF5D /* cellUITestsLaunchTests.swift in Sources */,
				03482969289C6B0D00B6AF5D /* cellUITests.swift in Sources */,
			);
			runOnlyForDeploymentPostprocessing = 0;
		};
/* End PBXSourcesBuildPhase section */

/* Begin PBXTargetDependency section */
		0348295C289C6B0D00B6AF5D /* PBXTargetDependency */ = {
			isa = PBXTargetDependency;
			target = 03482943289C6B0A00B6AF5D /* cell */;
			targetProxy = 0348295B289C6B0D00B6AF5D /* PBXContainerItemProxy */;
		};
		03482966289C6B0D00B6AF5D /* PBXTargetDependency */ = {
			isa = PBXTargetDependency;
			target = 03482943289C6B0A00B6AF5D /* cell */;
			targetProxy = 03482965289C6B0D00B6AF5D /* PBXContainerItemProxy */;
		};
/* End PBXTargetDependency section */

/* Begin PBXVariantGroup section */
		0348294D289C6B0A00B6AF5D /* Main.storyboard */ = {
			isa = PBXVariantGroup;
			children = (
				0348294E289C6B0A00B6AF5D /* Base */,
			);
			name = Main.storyboard;
			sourceTree = "<group>";
		};
		03482952289C6B0D00B6AF5D /* LaunchScreen.storyboard */ = {
			isa = PBXVariantGroup;
			children = (
				03482953289C6B0D00B6AF5D /* Base */,
			);
			name = LaunchScreen.storyboard;
			sourceTree = "<group>";
		};
/* End PBXVariantGroup section */

/* Begin XCBuildConfiguration section */
		0348296C289C6B0D00B6AF5D /* Debug */ = {
			isa = XCBuildConfiguration;
			buildSettings = {
				ALWAYS_SEARCH_USER_PATHS = NO;
				CLANG_ANALYZER_NONNULL = YES;
				CLANG_ANALYZER_NUMBER_OBJECT_CONVERSION = YES_AGGRESSIVE;
				CLANG_CXX_LANGUAGE_STANDARD = "gnu++17";
				CLANG_ENABLE_MODULES = YES;
				CLANG_ENABLE_OBJC_ARC = YES;
				CLANG_ENABLE_OBJC_WEAK = YES;
				CLANG_WARN_BLOCK_CAPTURE_AUTORELEASING = YES;
				CLANG_WARN_BOOL_CONVERSION = YES;
				CLANG_WARN_COMMA = YES;
				CLANG_WARN_CONSTANT_CONVERSION = YES;
				CLANG_WARN_DEPRECATED_OBJC_IMPLEMENTATIONS = YES;
				CLANG_WARN_DIRECT_OBJC_ISA_USAGE = YES_ERROR;
				CLANG_WARN_DOCUMENTATION_COMMENTS = YES;
				CLANG_WARN_EMPTY_BODY = YES;
				CLANG_WARN_ENUM_CONVERSION = YES;
				CLANG_WARN_INFINITE_RECURSION = YES;
				CLANG_WARN_INT_CONVERSION = YES;
				CLANG_WARN_NON_LITERAL_NULL_CONVERSION = YES;
				CLANG_WARN_OBJC_IMPLICIT_RETAIN_SELF = YES;
				CLANG_WARN_OBJC_LITERAL_CONVERSION = YES;
				CLANG_WARN_OBJC_ROOT_CLASS = YES_ERROR;
				CLANG_WARN_QUOTED_INCLUDE_IN_FRAMEWORK_HEADER = YES;
				CLANG_WARN_RANGE_LOOP_ANALYSIS = YES;
				CLANG_WARN_STRICT_PROTOTYPES = YES;
				CLANG_WARN_SUSPICIOUS_MOVE = YES;
				CLANG_WARN_UNGUARDED_AVAILABILITY = YES_AGGRESSIVE;
				CLANG_WARN_UNREACHABLE_CODE = YES;
				CLANG_WARN__DUPLICATE_METHOD_MATCH = YES;
				COPY_PHASE_STRIP = NO;
				DEBUG_INFORMATION_FORMAT = dwarf;
				ENABLE_STRICT_OBJC_MSGSEND = YES;
				ENABLE_TESTABILITY = YES;
				GCC_C_LANGUAGE_STANDARD = gnu11;
				GCC_DYNAMIC_NO_PIC = NO;
				GCC_NO_COMMON_BLOCKS = YES;
				GCC_OPTIMIZATION_LEVEL = 0;
				GCC_PREPROCESSOR_DEFINITIONS = (
					"DEBUG=1",
					"$(inherited)",
				);
				GCC_WARN_64_TO_32_BIT_CONVERSION = YES;
				GCC_WARN_ABOUT_RETURN_TYPE = YES_ERROR;
				GCC_WARN_UNDECLARED_SELECTOR = YES;
				GCC_WARN_UNINITIALIZED_AUTOS = YES_AGGRESSIVE;
				GCC_WARN_UNUSED_FUNCTION = YES;
				GCC_WARN_UNUSED_VARIABLE = YES;
				IPHONEOS_DEPLOYMENT_TARGET = 15.5;
				MTL_ENABLE_DEBUG_INFO = INCLUDE_SOURCE;
				MTL_FAST_MATH = YES;
				ONLY_ACTIVE_ARCH = YES;
				SDKROOT = iphoneos;
				SWIFT_ACTIVE_COMPILATION_CONDITIONS = DEBUG;
				SWIFT_OPTIMIZATION_LEVEL = "-Onone";
			};
			name = Debug;
		};
		0348296D289C6B0D00B6AF5D /* Release */ = {
			isa = XCBuildConfiguration;
			buildSettings = {
				ALWAYS_SEARCH_USER_PATHS = NO;
				CLANG_ANALYZER_NONNULL = YES;
				CLANG_ANALYZER_NUMBER_OBJECT_CONVERSION = YES_AGGRESSIVE;
				CLANG_CXX_LANGUAGE_STANDARD = "gnu++17";
				CLANG_ENABLE_MODULES = YES;
				CLANG_ENABLE_OBJC_ARC = YES;
				CLANG_ENABLE_OBJC_WEAK = YES;
				CLANG_WARN_BLOCK_CAPTURE_AUTORELEASING = YES;
				CLANG_WARN_BOOL_CONVERSION = YES;
				CLANG_WARN_COMMA = YES;
				CLANG_WARN_CONSTANT_CONVERSION = YES;
				CLANG_WARN_DEPRECATED_OBJC_IMPLEMENTATIONS = YES;
				CLANG_WARN_DIRECT_OBJC_ISA_USAGE = YES_ERROR;
				CLANG_WARN_DOCUMENTATION_COMMENTS = YES;
				CLANG_WARN_EMPTY_BODY = YES;
				CLANG_WARN_ENUM_CONVERSION = YES;
				CLANG_WARN_INFINITE_RECURSION = YES;
				CLANG_WARN_INT_CONVERSION = YES;
				CLANG_WARN_NON_LITERAL_NULL_CONVERSION = YES;
				CLANG_WARN_OBJC_IMPLICIT_RETAIN_SELF = YES;
				CLANG_WARN_OBJC_LITERAL_CONVERSION = YES;
				CLANG_WARN_OBJC_ROOT_CLASS = YES_ERROR;
				CLANG_WARN_QUOTED_INCLUDE_IN_FRAMEWORK_HEADER = YES;
				CLANG_WARN_RANGE_LOOP_ANALYSIS = YES;
				CLANG_WARN_STRICT_PROTOTYPES = YES;
				CLANG_WARN_SUSPICIOUS_MOVE = YES;
				CLANG_WARN_UNGUARDED_AVAILABILITY = YES_AGGRESSIVE;
				CLANG_WARN_UNREACHABLE_CODE = YES;
				CLANG_WARN__DUPLICATE_METHOD_MATCH = YES;
				COPY_PHASE_STRIP = NO;
				DEBUG_INFORMATION_FORMAT = "dwarf-with-dsym";
				ENABLE_NS_ASSERTIONS = NO;
				ENABLE_STRICT_OBJC_MSGSEND = YES;
				GCC_C_LANGUAGE_STANDARD = gnu11;
				GCC_NO_COMMON_BLOCKS = YES;
				GCC_WARN_64_TO_32_BIT_CONVERSION = YES;
				GCC_WARN_ABOUT_RETURN_TYPE = YES_ERROR;
				GCC_WARN_UNDECLARED_SELECTOR = YES;
				GCC_WARN_UNINITIALIZED_AUTOS = YES_AGGRESSIVE;
				GCC_WARN_UNUSED_FUNCTION = YES;
				GCC_WARN_UNUSED_VARIABLE = YES;
				IPHONEOS_DEPLOYMENT_TARGET = 15.5;
				MTL_ENABLE_DEBUG_INFO = NO;
				MTL_FAST_MATH = YES;
				SDKROOT = iphoneos;
				SWIFT_COMPILATION_MODE = wholemodule;
				SWIFT_OPTIMIZATION_LEVEL = "-O";
				VALIDATE_PRODUCT = YES;
			};
			name = Release;
		};
		0348296F289C6B0D00B6AF5D /* Debug */ = {
			isa = XCBuildConfiguration;
			buildSettings = {
				ASSETCATALOG_COMPILER_APPICON_NAME = AppIcon;
				ASSETCATALOG_COMPILER_GLOBAL_ACCENT_COLOR_NAME = AccentColor;
				CODE_SIGN_STYLE = Automatic;
				CURRENT_PROJECT_VERSION = 1;
				GENERATE_INFOPLIST_FILE = YES;
				INFOPLIST_FILE = cell/Info.plist;
				INFOPLIST_KEY_UIApplicationSupportsIndirectInputEvents = YES;
				INFOPLIST_KEY_UILaunchStoryboardName = LaunchScreen;
				INFOPLIST_KEY_UIMainStoryboardFile = Main;
				INFOPLIST_KEY_UISupportedInterfaceOrientations_iPad = "UIInterfaceOrientationPortrait UIInterfaceOrientationPortraitUpsideDown UIInterfaceOrientationLandscapeLeft UIInterfaceOrientationLandscapeRight";
				INFOPLIST_KEY_UISupportedInterfaceOrientations_iPhone = "UIInterfaceOrientationPortrait UIInterfaceOrientationLandscapeLeft UIInterfaceOrientationLandscapeRight";
				LD_RUNPATH_SEARCH_PATHS = (
					"$(inherited)",
					"@executable_path/Frameworks",
				);
				MARKETING_VERSION = 1.0;
				PRODUCT_BUNDLE_IDENTIFIER = com.amazon.Practice.cell;
				PRODUCT_NAME = "$(TARGET_NAME)";
				SWIFT_EMIT_LOC_STRINGS = YES;
				SWIFT_VERSION = 5.0;
				TARGETED_DEVICE_FAMILY = "1,2";
			};
			name = Debug;
		};
		03482970289C6B0D00B6AF5D /* Release */ = {
			isa = XCBuildConfiguration;
			buildSettings = {
				ASSETCATALOG_COMPILER_APPICON_NAME = AppIcon;
				ASSETCATALOG_COMPILER_GLOBAL_ACCENT_COLOR_NAME = AccentColor;
				CODE_SIGN_STYLE = Automatic;
				CURRENT_PROJECT_VERSION = 1;
				GENERATE_INFOPLIST_FILE = YES;
				INFOPLIST_FILE = cell/Info.plist;
				INFOPLIST_KEY_UIApplicationSupportsIndirectInputEvents = YES;
				INFOPLIST_KEY_UILaunchStoryboardName = LaunchScreen;
				INFOPLIST_KEY_UIMainStoryboardFile = Main;
				INFOPLIST_KEY_UISupportedInterfaceOrientations_iPad = "UIInterfaceOrientationPortrait UIInterfaceOrientationPortraitUpsideDown UIInterfaceOrientationLandscapeLeft UIInterfaceOrientationLandscapeRight";
				INFOPLIST_KEY_UISupportedInterfaceOrientations_iPhone = "UIInterfaceOrientationPortrait UIInterfaceOrientationLandscapeLeft UIInterfaceOrientationLandscapeRight";
				LD_RUNPATH_SEARCH_PATHS = (
					"$(inherited)",
					"@executable_path/Frameworks",
				);
				MARKETING_VERSION = 1.0;
				PRODUCT_BUNDLE_IDENTIFIER = com.amazon.Practice.cell;
				PRODUCT_NAME = "$(TARGET_NAME)";
				SWIFT_EMIT_LOC_STRINGS = YES;
				SWIFT_VERSION = 5.0;
				TARGETED_DEVICE_FAMILY = "1,2";
			};
			name = Release;
		};
		03482972289C6B0D00B6AF5D /* Debug */ = {
			isa = XCBuildConfiguration;
			buildSettings = {
				ALWAYS_EMBED_SWIFT_STANDARD_LIBRARIES = YES;
				BUNDLE_LOADER = "$(TEST_HOST)";
				CODE_SIGN_STYLE = Automatic;
				CURRENT_PROJECT_VERSION = 1;
				GENERATE_INFOPLIST_FILE = YES;
				IPHONEOS_DEPLOYMENT_TARGET = 15.5;
				MARKETING_VERSION = 1.0;
				PRODUCT_BUNDLE_IDENTIFIER = com.amazon.Practice.cellTests;
				PRODUCT_NAME = "$(TARGET_NAME)";
				SWIFT_EMIT_LOC_STRINGS = NO;
				SWIFT_VERSION = 5.0;
				TARGETED_DEVICE_FAMILY = "1,2";
				TEST_HOST = "$(BUILT_PRODUCTS_DIR)/cell.app/cell";
			};
			name = Debug;
		};
		03482973289C6B0D00B6AF5D /* Release */ = {
			isa = XCBuildConfiguration;
			buildSettings = {
				ALWAYS_EMBED_SWIFT_STANDARD_LIBRARIES = YES;
				BUNDLE_LOADER = "$(TEST_HOST)";
				CODE_SIGN_STYLE = Automatic;
				CURRENT_PROJECT_VERSION = 1;
				GENERATE_INFOPLIST_FILE = YES;
				IPHONEOS_DEPLOYMENT_TARGET = 15.5;
				MARKETING_VERSION = 1.0;
				PRODUCT_BUNDLE_IDENTIFIER = com.amazon.Practice.cellTests;
				PRODUCT_NAME = "$(TARGET_NAME)";
				SWIFT_EMIT_LOC_STRINGS = NO;
				SWIFT_VERSION = 5.0;
				TARGETED_DEVICE_FAMILY = "1,2";
				TEST_HOST = "$(BUILT_PRODUCTS_DIR)/cell.app/cell";
			};
			name = Release;
		};
		03482975289C6B0D00B6AF5D /* Debug */ = {
			isa = XCBuildConfiguration;
			buildSettings = {
				ALWAYS_EMBED_SWIFT_STANDARD_LIBRARIES = YES;
				CODE_SIGN_STYLE = Automatic;
				CURRENT_PROJECT_VERSION = 1;
				GENERATE_INFOPLIST_FILE = YES;
				MARKETING_VERSION = 1.0;
				PRODUCT_BUNDLE_IDENTIFIER = com.amazon.Practice.cellUITests;
				PRODUCT_NAME = "$(TARGET_NAME)";
				SWIFT_EMIT_LOC_STRINGS = NO;
				SWIFT_VERSION = 5.0;
				TARGETED_DEVICE_FAMILY = "1,2";
				TEST_TARGET_NAME = cell;
			};
			name = Debug;
		};
		03482976289C6B0D00B6AF5D /* Release */ = {
			isa = XCBuildConfiguration;
			buildSettings = {
				ALWAYS_EMBED_SWIFT_STANDARD_LIBRARIES = YES;
				CODE_SIGN_STYLE = Automatic;
				CURRENT_PROJECT_VERSION = 1;
				GENERATE_INFOPLIST_FILE = YES;
				MARKETING_VERSION = 1.0;
				PRODUCT_BUNDLE_IDENTIFIER = com.amazon.Practice.cellUITests;
				PRODUCT_NAME = "$(TARGET_NAME)";
				SWIFT_EMIT_LOC_STRINGS = NO;
				SWIFT_VERSION = 5.0;
				TARGETED_DEVICE_FAMILY = "1,2";
				TEST_TARGET_NAME = cell;
			};
			name = Release;
		};
/* End XCBuildConfiguration section */

/* Begin XCConfigurationList section */
		0348293F289C6B0A00B6AF5D /* Build configuration list for PBXProject "cell" */ = {
			isa = XCConfigurationList;
			buildConfigurations = (
				0348296C289C6B0D00B6AF5D /* Debug */,
				0348296D289C6B0D00B6AF5D /* Release */,
			);
			defaultConfigurationIsVisible = 0;
			defaultConfigurationName = Release;
		};
		0348296E289C6B0D00B6AF5D /* Build configuration list for PBXNativeTarget "cell" */ = {
			isa = XCConfigurationList;
			buildConfigurations = (
				0348296F289C6B0D00B6AF5D /* Debug */,
				03482970289C6B0D00B6AF5D /* Release */,
			);
			defaultConfigurationIsVisible = 0;
			defaultConfigurationName = Release;
		};
		03482971289C6B0D00B6AF5D /* Build configuration list for PBXNativeTarget "cellTests" */ = {
			isa = XCConfigurationList;
			buildConfigurations = (
				03482972289C6B0D00B6AF5D /* Debug */,
				03482973289C6B0D00B6AF5D /* Release */,
			);
			defaultConfigurationIsVisible = 0;
			defaultConfigurationName = Release;
		};
		03482974289C6B0D00B6AF5D /* Build configuration list for PBXNativeTarget "cellUITests" */ = {
			isa = XCConfigurationList;
			buildConfigurations = (
				03482975289C6B0D00B6AF5D /* Debug */,
				03482976289C6B0D00B6AF5D /* Release */,
			);
			defaultConfigurationIsVisible = 0;
			defaultConfigurationName = Release;
		};
/* End XCConfigurationList section */
	};
	rootObject = 0348293C289C6B0A00B6AF5D /* Project object */;
}
