// !$*UTF8*$!
{
	archiveVersion = 1;
	classes = {
	};
	objectVersion = 55;
	objects = {

/* Begin PBXBuildFile section */
		0376C6F42886AF5800A9EC9D /* AppDelegate.swift in Sources */ = {isa = PBXBuildFile; fileRef = 0376C6F32886AF5800A9EC9D /* AppDelegate.swift */; };
		0376C6F62886AF5800A9EC9D /* SceneDelegate.swift in Sources */ = {isa = PBXBuildFile; fileRef = 0376C6F52886AF5800A9EC9D /* SceneDelegate.swift */; };
		0376C6F82886AF5800A9EC9D /* ViewController.swift in Sources */ = {isa = PBXBuildFile; fileRef = 0376C6F72886AF5800A9EC9D /* ViewController.swift */; };
		0376C6FB2886AF5800A9EC9D /* Main.storyboard in Resources */ = {isa = PBXBuildFile; fileRef = 0376C6F92886AF5800A9EC9D /* Main.storyboard */; };
		0376C6FD2886AF5900A9EC9D /* Assets.xcassets in Resources */ = {isa = PBXBuildFile; fileRef = 0376C6FC2886AF5900A9EC9D /* Assets.xcassets */; };
		0376C7002886AF5900A9EC9D /* LaunchScreen.storyboard in Resources */ = {isa = PBXBuildFile; fileRef = 0376C6FE2886AF5900A9EC9D /* LaunchScreen.storyboard */; };
		0376C70B2886AF5A00A9EC9D /* JSONProjectTests.swift in Sources */ = {isa = PBXBuildFile; fileRef = 0376C70A2886AF5A00A9EC9D /* JSONProjectTests.swift */; };
		0376C7152886AF5A00A9EC9D /* JSONProjectUITests.swift in Sources */ = {isa = PBXBuildFile; fileRef = 0376C7142886AF5A00A9EC9D /* JSONProjectUITests.swift */; };
		0376C7172886AF5A00A9EC9D /* JSONProjectUITestsLaunchTests.swift in Sources */ = {isa = PBXBuildFile; fileRef = 0376C7162886AF5A00A9EC9D /* JSONProjectUITestsLaunchTests.swift */; };
		03F4F5A72886CEBF00697AF6 /* datafile.json in Resources */ = {isa = PBXBuildFile; fileRef = 03F4F5A62886CEBF00697AF6 /* datafile.json */; };
/* End PBXBuildFile section */

/* Begin PBXContainerItemProxy section */
		0376C7072886AF5A00A9EC9D /* PBXContainerItemProxy */ = {
			isa = PBXContainerItemProxy;
			containerPortal = 0376C6E82886AF5800A9EC9D /* Project object */;
			proxyType = 1;
			remoteGlobalIDString = 0376C6EF2886AF5800A9EC9D;
			remoteInfo = JSONProject;
		};
		0376C7112886AF5A00A9EC9D /* PBXContainerItemProxy */ = {
			isa = PBXContainerItemProxy;
			containerPortal = 0376C6E82886AF5800A9EC9D /* Project object */;
			proxyType = 1;
			remoteGlobalIDString = 0376C6EF2886AF5800A9EC9D;
			remoteInfo = JSONProject;
		};
/* End PBXContainerItemProxy section */

/* Begin PBXFileReference section */
		0376C6F02886AF5800A9EC9D /* JSONProject.app */ = {isa = PBXFileReference; explicitFileType = wrapper.application; includeInIndex = 0; path = JSONProject.app; sourceTree = BUILT_PRODUCTS_DIR; };
		0376C6F32886AF5800A9EC9D /* AppDelegate.swift */ = {isa = PBXFileReference; lastKnownFileType = sourcecode.swift; path = AppDelegate.swift; sourceTree = "<group>"; };
		0376C6F52886AF5800A9EC9D /* SceneDelegate.swift */ = {isa = PBXFileReference; lastKnownFileType = sourcecode.swift; path = SceneDelegate.swift; sourceTree = "<group>"; };
		0376C6F72886AF5800A9EC9D /* ViewController.swift */ = {isa = PBXFileReference; lastKnownFileType = sourcecode.swift; path = ViewController.swift; sourceTree = "<group>"; };
		0376C6FA2886AF5800A9EC9D /* Base */ = {isa = PBXFileReference; lastKnownFileType = file.storyboard; name = Base; path = Base.lproj/Main.storyboard; sourceTree = "<group>"; };
		0376C6FC2886AF5900A9EC9D /* Assets.xcassets */ = {isa = PBXFileReference; lastKnownFileType = folder.assetcatalog; path = Assets.xcassets; sourceTree = "<group>"; };
		0376C6FF2886AF5900A9EC9D /* Base */ = {isa = PBXFileReference; lastKnownFileType = file.storyboard; name = Base; path = Base.lproj/LaunchScreen.storyboard; sourceTree = "<group>"; };
		0376C7012886AF5900A9EC9D /* Info.plist */ = {isa = PBXFileReference; lastKnownFileType = text.plist.xml; path = Info.plist; sourceTree = "<group>"; };
		0376C7062886AF5A00A9EC9D /* JSONProjectTests.xctest */ = {isa = PBXFileReference; explicitFileType = wrapper.cfbundle; includeInIndex = 0; path = JSONProjectTests.xctest; sourceTree = BUILT_PRODUCTS_DIR; };
		0376C70A2886AF5A00A9EC9D /* JSONProjectTests.swift */ = {isa = PBXFileReference; lastKnownFileType = sourcecode.swift; path = JSONProjectTests.swift; sourceTree = "<group>"; };
		0376C7102886AF5A00A9EC9D /* JSONProjectUITests.xctest */ = {isa = PBXFileReference; explicitFileType = wrapper.cfbundle; includeInIndex = 0; path = JSONProjectUITests.xctest; sourceTree = BUILT_PRODUCTS_DIR; };
		0376C7142886AF5A00A9EC9D /* JSONProjectUITests.swift */ = {isa = PBXFileReference; lastKnownFileType = sourcecode.swift; path = JSONProjectUITests.swift; sourceTree = "<group>"; };
		0376C7162886AF5A00A9EC9D /* JSONProjectUITestsLaunchTests.swift */ = {isa = PBXFileReference; lastKnownFileType = sourcecode.swift; path = JSONProjectUITestsLaunchTests.swift; sourceTree = "<group>"; };
		03F4F5A62886CEBF00697AF6 /* datafile.json */ = {isa = PBXFileReference; fileEncoding = 4; lastKnownFileType = text.json; path = datafile.json; sourceTree = "<group>"; };
/* End PBXFileReference section */

/* Begin PBXFrameworksBuildPhase section */
		0376C6ED2886AF5800A9EC9D /* Frameworks */ = {
			isa = PBXFrameworksBuildPhase;
			buildActionMask = 2147483647;
			files = (
			);
			runOnlyForDeploymentPostprocessing = 0;
		};
		0376C7032886AF5A00A9EC9D /* Frameworks */ = {
			isa = PBXFrameworksBuildPhase;
			buildActionMask = 2147483647;
			files = (
			);
			runOnlyForDeploymentPostprocessing = 0;
		};
		0376C70D2886AF5A00A9EC9D /* Frameworks */ = {
			isa = PBXFrameworksBuildPhase;
			buildActionMask = 2147483647;
			files = (
			);
			runOnlyForDeploymentPostprocessing = 0;
		};
/* End PBXFrameworksBuildPhase section */

/* Begin PBXGroup section */
		0376C6E72886AF5800A9EC9D = {
			isa = PBXGroup;
			children = (
				0376C6F22886AF5800A9EC9D /* JSONProject */,
				0376C7092886AF5A00A9EC9D /* JSONProjectTests */,
				0376C7132886AF5A00A9EC9D /* JSONProjectUITests */,
				0376C6F12886AF5800A9EC9D /* Products */,
			);
			sourceTree = "<group>";
		};
		0376C6F12886AF5800A9EC9D /* Products */ = {
			isa = PBXGroup;
			children = (
				0376C6F02886AF5800A9EC9D /* JSONProject.app */,
				0376C7062886AF5A00A9EC9D /* JSONProjectTests.xctest */,
				0376C7102886AF5A00A9EC9D /* JSONProjectUITests.xctest */,
			);
			name = Products;
			sourceTree = "<group>";
		};
		0376C6F22886AF5800A9EC9D /* JSONProject */ = {
			isa = PBXGroup;
			children = (
				03F4F5A62886CEBF00697AF6 /* datafile.json */,
				0376C6F32886AF5800A9EC9D /* AppDelegate.swift */,
				0376C6F52886AF5800A9EC9D /* SceneDelegate.swift */,
				0376C6F72886AF5800A9EC9D /* ViewController.swift */,
				0376C6F92886AF5800A9EC9D /* Main.storyboard */,
				0376C6FC2886AF5900A9EC9D /* Assets.xcassets */,
				0376C6FE2886AF5900A9EC9D /* LaunchScreen.storyboard */,
				0376C7012886AF5900A9EC9D /* Info.plist */,
			);
			path = JSONProject;
			sourceTree = "<group>";
		};
		0376C7092886AF5A00A9EC9D /* JSONProjectTests */ = {
			isa = PBXGroup;
			children = (
				0376C70A2886AF5A00A9EC9D /* JSONProjectTests.swift */,
			);
			path = JSONProjectTests;
			sourceTree = "<group>";
		};
		0376C7132886AF5A00A9EC9D /* JSONProjectUITests */ = {
			isa = PBXGroup;
			children = (
				0376C7142886AF5A00A9EC9D /* JSONProjectUITests.swift */,
				0376C7162886AF5A00A9EC9D /* JSONProjectUITestsLaunchTests.swift */,
			);
			path = JSONProjectUITests;
			sourceTree = "<group>";
		};
/* End PBXGroup section */

/* Begin PBXNativeTarget section */
		0376C6EF2886AF5800A9EC9D /* JSONProject */ = {
			isa = PBXNativeTarget;
			buildConfigurationList = 0376C71A2886AF5A00A9EC9D /* Build configuration list for PBXNativeTarget "JSONProject" */;
			buildPhases = (
				0376C6EC2886AF5800A9EC9D /* Sources */,
				0376C6ED2886AF5800A9EC9D /* Frameworks */,
				0376C6EE2886AF5800A9EC9D /* Resources */,
			);
			buildRules = (
			);
			dependencies = (
			);
			name = JSONProject;
			productName = JSONProject;
			productReference = 0376C6F02886AF5800A9EC9D /* JSONProject.app */;
			productType = "com.apple.product-type.application";
		};
		0376C7052886AF5A00A9EC9D /* JSONProjectTests */ = {
			isa = PBXNativeTarget;
			buildConfigurationList = 0376C71D2886AF5A00A9EC9D /* Build configuration list for PBXNativeTarget "JSONProjectTests" */;
			buildPhases = (
				0376C7022886AF5A00A9EC9D /* Sources */,
				0376C7032886AF5A00A9EC9D /* Frameworks */,
				0376C7042886AF5A00A9EC9D /* Resources */,
			);
			buildRules = (
			);
			dependencies = (
				0376C7082886AF5A00A9EC9D /* PBXTargetDependency */,
			);
			name = JSONProjectTests;
			productName = JSONProjectTests;
			productReference = 0376C7062886AF5A00A9EC9D /* JSONProjectTests.xctest */;
			productType = "com.apple.product-type.bundle.unit-test";
		};
		0376C70F2886AF5A00A9EC9D /* JSONProjectUITests */ = {
			isa = PBXNativeTarget;
			buildConfigurationList = 0376C7202886AF5A00A9EC9D /* Build configuration list for PBXNativeTarget "JSONProjectUITests" */;
			buildPhases = (
				0376C70C2886AF5A00A9EC9D /* Sources */,
				0376C70D2886AF5A00A9EC9D /* Frameworks */,
				0376C70E2886AF5A00A9EC9D /* Resources */,
			);
			buildRules = (
			);
			dependencies = (
				0376C7122886AF5A00A9EC9D /* PBXTargetDependency */,
			);
			name = JSONProjectUITests;
			productName = JSONProjectUITests;
			productReference = 0376C7102886AF5A00A9EC9D /* JSONProjectUITests.xctest */;
			productType = "com.apple.product-type.bundle.ui-testing";
		};
/* End PBXNativeTarget section */

/* Begin PBXProject section */
		0376C6E82886AF5800A9EC9D /* Project object */ = {
			isa = PBXProject;
			attributes = {
				BuildIndependentTargetsInParallel = 1;
				LastSwiftUpdateCheck = 1340;
				LastUpgradeCheck = 1340;
				TargetAttributes = {
					0376C6EF2886AF5800A9EC9D = {
						CreatedOnToolsVersion = 13.4;
					};
					0376C7052886AF5A00A9EC9D = {
						CreatedOnToolsVersion = 13.4;
						TestTargetID = 0376C6EF2886AF5800A9EC9D;
					};
					0376C70F2886AF5A00A9EC9D = {
						CreatedOnToolsVersion = 13.4;
						TestTargetID = 0376C6EF2886AF5800A9EC9D;
					};
				};
			};
			buildConfigurationList = 0376C6EB2886AF5800A9EC9D /* Build configuration list for PBXProject "JSONProject" */;
			compatibilityVersion = "Xcode 13.0";
			developmentRegion = en;
			hasScannedForEncodings = 0;
			knownRegions = (
				en,
				Base,
			);
			mainGroup = 0376C6E72886AF5800A9EC9D;
			productRefGroup = 0376C6F12886AF5800A9EC9D /* Products */;
			projectDirPath = "";
			projectRoot = "";
			targets = (
				0376C6EF2886AF5800A9EC9D /* JSONProject */,
				0376C7052886AF5A00A9EC9D /* JSONProjectTests */,
				0376C70F2886AF5A00A9EC9D /* JSONProjectUITests */,
			);
		};
/* End PBXProject section */

/* Begin PBXResourcesBuildPhase section */
		0376C6EE2886AF5800A9EC9D /* Resources */ = {
			isa = PBXResourcesBuildPhase;
			buildActionMask = 2147483647;
			files = (
				0376C7002886AF5900A9EC9D /* LaunchScreen.storyboard in Resources */,
				0376C6FD2886AF5900A9EC9D /* Assets.xcassets in Resources */,
				0376C6FB2886AF5800A9EC9D /* Main.storyboard in Resources */,
				03F4F5A72886CEBF00697AF6 /* datafile.json in Resources */,
			);
			runOnlyForDeploymentPostprocessing = 0;
		};
		0376C7042886AF5A00A9EC9D /* Resources */ = {
			isa = PBXResourcesBuildPhase;
			buildActionMask = 2147483647;
			files = (
			);
			runOnlyForDeploymentPostprocessing = 0;
		};
		0376C70E2886AF5A00A9EC9D /* Resources */ = {
			isa = PBXResourcesBuildPhase;
			buildActionMask = 2147483647;
			files = (
			);
			runOnlyForDeploymentPostprocessing = 0;
		};
/* End PBXResourcesBuildPhase section */

/* Begin PBXSourcesBuildPhase section */
		0376C6EC2886AF5800A9EC9D /* Sources */ = {
			isa = PBXSourcesBuildPhase;
			buildActionMask = 2147483647;
			files = (
				0376C6F82886AF5800A9EC9D /* ViewController.swift in Sources */,
				0376C6F42886AF5800A9EC9D /* AppDelegate.swift in Sources */,
				0376C6F62886AF5800A9EC9D /* SceneDelegate.swift in Sources */,
			);
			runOnlyForDeploymentPostprocessing = 0;
		};
		0376C7022886AF5A00A9EC9D /* Sources */ = {
			isa = PBXSourcesBuildPhase;
			buildActionMask = 2147483647;
			files = (
				0376C70B2886AF5A00A9EC9D /* JSONProjectTests.swift in Sources */,
			);
			runOnlyForDeploymentPostprocessing = 0;
		};
		0376C70C2886AF5A00A9EC9D /* Sources */ = {
			isa = PBXSourcesBuildPhase;
			buildActionMask = 2147483647;
			files = (
				0376C7172886AF5A00A9EC9D /* JSONProjectUITestsLaunchTests.swift in Sources */,
				0376C7152886AF5A00A9EC9D /* JSONProjectUITests.swift in Sources */,
			);
			runOnlyForDeploymentPostprocessing = 0;
		};
/* End PBXSourcesBuildPhase section */

/* Begin PBXTargetDependency section */
		0376C7082886AF5A00A9EC9D /* PBXTargetDependency */ = {
			isa = PBXTargetDependency;
			target = 0376C6EF2886AF5800A9EC9D /* JSONProject */;
			targetProxy = 0376C7072886AF5A00A9EC9D /* PBXContainerItemProxy */;
		};
		0376C7122886AF5A00A9EC9D /* PBXTargetDependency */ = {
			isa = PBXTargetDependency;
			target = 0376C6EF2886AF5800A9EC9D /* JSONProject */;
			targetProxy = 0376C7112886AF5A00A9EC9D /* PBXContainerItemProxy */;
		};
/* End PBXTargetDependency section */

/* Begin PBXVariantGroup section */
		0376C6F92886AF5800A9EC9D /* Main.storyboard */ = {
			isa = PBXVariantGroup;
			children = (
				0376C6FA2886AF5800A9EC9D /* Base */,
			);
			name = Main.storyboard;
			sourceTree = "<group>";
		};
		0376C6FE2886AF5900A9EC9D /* LaunchScreen.storyboard */ = {
			isa = PBXVariantGroup;
			children = (
				0376C6FF2886AF5900A9EC9D /* Base */,
			);
			name = LaunchScreen.storyboard;
			sourceTree = "<group>";
		};
/* End PBXVariantGroup section */

/* Begin XCBuildConfiguration section */
		0376C7182886AF5A00A9EC9D /* Debug */ = {
			isa = XCBuildConfiguration;
			buildSettings = {
				ALWAYS_SEARCH_USER_PATHS = NO;
				CLANG_ANALYZER_NONNULL = YES;
				CLANG_ANALYZER_NUMBER_OBJECT_CONVERSION = YES_AGGRESSIVE;
				CLANG_CXX_LANGUAGE_STANDARD = "gnu++17";
				CLANG_ENABLE_MODULES = YES;
				CLANG_ENABLE_OBJC_ARC = YES;
				CLANG_ENABLE_OBJC_WEAK = YES;
				CLANG_WARN_BLOCK_CAPTURE_AUTORELEASING = YES;
				CLANG_WARN_BOOL_CONVERSION = YES;
				CLANG_WARN_COMMA = YES;
				CLANG_WARN_CONSTANT_CONVERSION = YES;
				CLANG_WARN_DEPRECATED_OBJC_IMPLEMENTATIONS = YES;
				CLANG_WARN_DIRECT_OBJC_ISA_USAGE = YES_ERROR;
				CLANG_WARN_DOCUMENTATION_COMMENTS = YES;
				CLANG_WARN_EMPTY_BODY = YES;
				CLANG_WARN_ENUM_CONVERSION = YES;
				CLANG_WARN_INFINITE_RECURSION = YES;
				CLANG_WARN_INT_CONVERSION = YES;
				CLANG_WARN_NON_LITERAL_NULL_CONVERSION = YES;
				CLANG_WARN_OBJC_IMPLICIT_RETAIN_SELF = YES;
				CLANG_WARN_OBJC_LITERAL_CONVERSION = YES;
				CLANG_WARN_OBJC_ROOT_CLASS = YES_ERROR;
				CLANG_WARN_QUOTED_INCLUDE_IN_FRAMEWORK_HEADER = YES;
				CLANG_WARN_RANGE_LOOP_ANALYSIS = YES;
				CLANG_WARN_STRICT_PROTOTYPES = YES;
				CLANG_WARN_SUSPICIOUS_MOVE = YES;
				CLANG_WARN_UNGUARDED_AVAILABILITY = YES_AGGRESSIVE;
				CLANG_WARN_UNREACHABLE_CODE = YES;
				CLANG_WARN__DUPLICATE_METHOD_MATCH = YES;
				COPY_PHASE_STRIP = NO;
				DEBUG_INFORMATION_FORMAT = dwarf;
				ENABLE_STRICT_OBJC_MSGSEND = YES;
				ENABLE_TESTABILITY = YES;
				GCC_C_LANGUAGE_STANDARD = gnu11;
				GCC_DYNAMIC_NO_PIC = NO;
				GCC_NO_COMMON_BLOCKS = YES;
				GCC_OPTIMIZATION_LEVEL = 0;
				GCC_PREPROCESSOR_DEFINITIONS = (
					"DEBUG=1",
					"$(inherited)",
				);
				GCC_WARN_64_TO_32_BIT_CONVERSION = YES;
				GCC_WARN_ABOUT_RETURN_TYPE = YES_ERROR;
				GCC_WARN_UNDECLARED_SELECTOR = YES;
				GCC_WARN_UNINITIALIZED_AUTOS = YES_AGGRESSIVE;
				GCC_WARN_UNUSED_FUNCTION = YES;
				GCC_WARN_UNUSED_VARIABLE = YES;
				IPHONEOS_DEPLOYMENT_TARGET = 15.5;
				MTL_ENABLE_DEBUG_INFO = INCLUDE_SOURCE;
				MTL_FAST_MATH = YES;
				ONLY_ACTIVE_ARCH = YES;
				SDKROOT = iphoneos;
				SWIFT_ACTIVE_COMPILATION_CONDITIONS = DEBUG;
				SWIFT_OPTIMIZATION_LEVEL = "-Onone";
			};
			name = Debug;
		};
		0376C7192886AF5A00A9EC9D /* Release */ = {
			isa = XCBuildConfiguration;
			buildSettings = {
				ALWAYS_SEARCH_USER_PATHS = NO;
				CLANG_ANALYZER_NONNULL = YES;
				CLANG_ANALYZER_NUMBER_OBJECT_CONVERSION = YES_AGGRESSIVE;
				CLANG_CXX_LANGUAGE_STANDARD = "gnu++17";
				CLANG_ENABLE_MODULES = YES;
				CLANG_ENABLE_OBJC_ARC = YES;
				CLANG_ENABLE_OBJC_WEAK = YES;
				CLANG_WARN_BLOCK_CAPTURE_AUTORELEASING = YES;
				CLANG_WARN_BOOL_CONVERSION = YES;
				CLANG_WARN_COMMA = YES;
				CLANG_WARN_CONSTANT_CONVERSION = YES;
				CLANG_WARN_DEPRECATED_OBJC_IMPLEMENTATIONS = YES;
				CLANG_WARN_DIRECT_OBJC_ISA_USAGE = YES_ERROR;
				CLANG_WARN_DOCUMENTATION_COMMENTS = YES;
				CLANG_WARN_EMPTY_BODY = YES;
				CLANG_WARN_ENUM_CONVERSION = YES;
				CLANG_WARN_INFINITE_RECURSION = YES;
				CLANG_WARN_INT_CONVERSION = YES;
				CLANG_WARN_NON_LITERAL_NULL_CONVERSION = YES;
				CLANG_WARN_OBJC_IMPLICIT_RETAIN_SELF = YES;
				CLANG_WARN_OBJC_LITERAL_CONVERSION = YES;
				CLANG_WARN_OBJC_ROOT_CLASS = YES_ERROR;
				CLANG_WARN_QUOTED_INCLUDE_IN_FRAMEWORK_HEADER = YES;
				CLANG_WARN_RANGE_LOOP_ANALYSIS = YES;
				CLANG_WARN_STRICT_PROTOTYPES = YES;
				CLANG_WARN_SUSPICIOUS_MOVE = YES;
				CLANG_WARN_UNGUARDED_AVAILABILITY = YES_AGGRESSIVE;
				CLANG_WARN_UNREACHABLE_CODE = YES;
				CLANG_WARN__DUPLICATE_METHOD_MATCH = YES;
				COPY_PHASE_STRIP = NO;
				DEBUG_INFORMATION_FORMAT = "dwarf-with-dsym";
				ENABLE_NS_ASSERTIONS = NO;
				ENABLE_STRICT_OBJC_MSGSEND = YES;
				GCC_C_LANGUAGE_STANDARD = gnu11;
				GCC_NO_COMMON_BLOCKS = YES;
				GCC_WARN_64_TO_32_BIT_CONVERSION = YES;
				GCC_WARN_ABOUT_RETURN_TYPE = YES_ERROR;
				GCC_WARN_UNDECLARED_SELECTOR = YES;
				GCC_WARN_UNINITIALIZED_AUTOS = YES_AGGRESSIVE;
				GCC_WARN_UNUSED_FUNCTION = YES;
				GCC_WARN_UNUSED_VARIABLE = YES;
				IPHONEOS_DEPLOYMENT_TARGET = 15.5;
				MTL_ENABLE_DEBUG_INFO = NO;
				MTL_FAST_MATH = YES;
				SDKROOT = iphoneos;
				SWIFT_COMPILATION_MODE = wholemodule;
				SWIFT_OPTIMIZATION_LEVEL = "-O";
				VALIDATE_PRODUCT = YES;
			};
			name = Release;
		};
		0376C71B2886AF5A00A9EC9D /* Debug */ = {
			isa = XCBuildConfiguration;
			buildSettings = {
				ASSETCATALOG_COMPILER_APPICON_NAME = AppIcon;
				ASSETCATALOG_COMPILER_GLOBAL_ACCENT_COLOR_NAME = AccentColor;
				CODE_SIGN_STYLE = Automatic;
				CURRENT_PROJECT_VERSION = 1;
				GENERATE_INFOPLIST_FILE = YES;
				INFOPLIST_FILE = JSONProject/Info.plist;
				INFOPLIST_KEY_UIApplicationSupportsIndirectInputEvents = YES;
				INFOPLIST_KEY_UILaunchStoryboardName = LaunchScreen;
				INFOPLIST_KEY_UIMainStoryboardFile = Main;
				INFOPLIST_KEY_UISupportedInterfaceOrientations_iPad = "UIInterfaceOrientationPortrait UIInterfaceOrientationPortraitUpsideDown UIInterfaceOrientationLandscapeLeft UIInterfaceOrientationLandscapeRight";
				INFOPLIST_KEY_UISupportedInterfaceOrientations_iPhone = "UIInterfaceOrientationPortrait UIInterfaceOrientationLandscapeLeft UIInterfaceOrientationLandscapeRight";
				LD_RUNPATH_SEARCH_PATHS = (
					"$(inherited)",
					"@executable_path/Frameworks",
				);
				MARKETING_VERSION = 1.0;
				PRODUCT_BUNDLE_IDENTIFIER = com.amazon.Practice.JSONProject;
				PRODUCT_NAME = "$(TARGET_NAME)";
				SWIFT_EMIT_LOC_STRINGS = YES;
				SWIFT_VERSION = 5.0;
				TARGETED_DEVICE_FAMILY = "1,2";
			};
			name = Debug;
		};
		0376C71C2886AF5A00A9EC9D /* Release */ = {
			isa = XCBuildConfiguration;
			buildSettings = {
				ASSETCATALOG_COMPILER_APPICON_NAME = AppIcon;
				ASSETCATALOG_COMPILER_GLOBAL_ACCENT_COLOR_NAME = AccentColor;
				CODE_SIGN_STYLE = Automatic;
				CURRENT_PROJECT_VERSION = 1;
				GENERATE_INFOPLIST_FILE = YES;
				INFOPLIST_FILE = JSONProject/Info.plist;
				INFOPLIST_KEY_UIApplicationSupportsIndirectInputEvents = YES;
				INFOPLIST_KEY_UILaunchStoryboardName = LaunchScreen;
				INFOPLIST_KEY_UIMainStoryboardFile = Main;
				INFOPLIST_KEY_UISupportedInterfaceOrientations_iPad = "UIInterfaceOrientationPortrait UIInterfaceOrientationPortraitUpsideDown UIInterfaceOrientationLandscapeLeft UIInterfaceOrientationLandscapeRight";
				INFOPLIST_KEY_UISupportedInterfaceOrientations_iPhone = "UIInterfaceOrientationPortrait UIInterfaceOrientationLandscapeLeft UIInterfaceOrientationLandscapeRight";
				LD_RUNPATH_SEARCH_PATHS = (
					"$(inherited)",
					"@executable_path/Frameworks",
				);
				MARKETING_VERSION = 1.0;
				PRODUCT_BUNDLE_IDENTIFIER = com.amazon.Practice.JSONProject;
				PRODUCT_NAME = "$(TARGET_NAME)";
				SWIFT_EMIT_LOC_STRINGS = YES;
				SWIFT_VERSION = 5.0;
				TARGETED_DEVICE_FAMILY = "1,2";
			};
			name = Release;
		};
		0376C71E2886AF5A00A9EC9D /* Debug */ = {
			isa = XCBuildConfiguration;
			buildSettings = {
				ALWAYS_EMBED_SWIFT_STANDARD_LIBRARIES = YES;
				BUNDLE_LOADER = "$(TEST_HOST)";
				CODE_SIGN_STYLE = Automatic;
				CURRENT_PROJECT_VERSION = 1;
				GENERATE_INFOPLIST_FILE = YES;
				IPHONEOS_DEPLOYMENT_TARGET = 15.5;
				MARKETING_VERSION = 1.0;
				PRODUCT_BUNDLE_IDENTIFIER = com.amazon.Practice.JSONProjectTests;
				PRODUCT_NAME = "$(TARGET_NAME)";
				SWIFT_EMIT_LOC_STRINGS = NO;
				SWIFT_VERSION = 5.0;
				TARGETED_DEVICE_FAMILY = "1,2";
				TEST_HOST = "$(BUILT_PRODUCTS_DIR)/JSONProject.app/JSONProject";
			};
			name = Debug;
		};
		0376C71F2886AF5A00A9EC9D /* Release */ = {
			isa = XCBuildConfiguration;
			buildSettings = {
				ALWAYS_EMBED_SWIFT_STANDARD_LIBRARIES = YES;
				BUNDLE_LOADER = "$(TEST_HOST)";
				CODE_SIGN_STYLE = Automatic;
				CURRENT_PROJECT_VERSION = 1;
				GENERATE_INFOPLIST_FILE = YES;
				IPHONEOS_DEPLOYMENT_TARGET = 15.5;
				MARKETING_VERSION = 1.0;
				PRODUCT_BUNDLE_IDENTIFIER = com.amazon.Practice.JSONProjectTests;
				PRODUCT_NAME = "$(TARGET_NAME)";
				SWIFT_EMIT_LOC_STRINGS = NO;
				SWIFT_VERSION = 5.0;
				TARGETED_DEVICE_FAMILY = "1,2";
				TEST_HOST = "$(BUILT_PRODUCTS_DIR)/JSONProject.app/JSONProject";
			};
			name = Release;
		};
		0376C7212886AF5A00A9EC9D /* Debug */ = {
			isa = XCBuildConfiguration;
			buildSettings = {
				ALWAYS_EMBED_SWIFT_STANDARD_LIBRARIES = YES;
				CODE_SIGN_STYLE = Automatic;
				CURRENT_PROJECT_VERSION = 1;
				GENERATE_INFOPLIST_FILE = YES;
				MARKETING_VERSION = 1.0;
				PRODUCT_BUNDLE_IDENTIFIER = com.amazon.Practice.JSONProjectUITests;
				PRODUCT_NAME = "$(TARGET_NAME)";
				SWIFT_EMIT_LOC_STRINGS = NO;
				SWIFT_VERSION = 5.0;
				TARGETED_DEVICE_FAMILY = "1,2";
				TEST_TARGET_NAME = JSONProject;
			};
			name = Debug;
		};
		0376C7222886AF5A00A9EC9D /* Release */ = {
			isa = XCBuildConfiguration;
			buildSettings = {
				ALWAYS_EMBED_SWIFT_STANDARD_LIBRARIES = YES;
				CODE_SIGN_STYLE = Automatic;
				CURRENT_PROJECT_VERSION = 1;
				GENERATE_INFOPLIST_FILE = YES;
				MARKETING_VERSION = 1.0;
				PRODUCT_BUNDLE_IDENTIFIER = com.amazon.Practice.JSONProjectUITests;
				PRODUCT_NAME = "$(TARGET_NAME)";
				SWIFT_EMIT_LOC_STRINGS = NO;
				SWIFT_VERSION = 5.0;
				TARGETED_DEVICE_FAMILY = "1,2";
				TEST_TARGET_NAME = JSONProject;
			};
			name = Release;
		};
/* End XCBuildConfiguration section */

/* Begin XCConfigurationList section */
		0376C6EB2886AF5800A9EC9D /* Build configuration list for PBXProject "JSONProject" */ = {
			isa = XCConfigurationList;
			buildConfigurations = (
				0376C7182886AF5A00A9EC9D /* Debug */,
				0376C7192886AF5A00A9EC9D /* Release */,
			);
			defaultConfigurationIsVisible = 0;
			defaultConfigurationName = Release;
		};
		0376C71A2886AF5A00A9EC9D /* Build configuration list for PBXNativeTarget "JSONProject" */ = {
			isa = XCConfigurationList;
			buildConfigurations = (
				0376C71B2886AF5A00A9EC9D /* Debug */,
				0376C71C2886AF5A00A9EC9D /* Release */,
			);
			defaultConfigurationIsVisible = 0;
			defaultConfigurationName = Release;
		};
		0376C71D2886AF5A00A9EC9D /* Build configuration list for PBXNativeTarget "JSONProjectTests" */ = {
			isa = XCConfigurationList;
			buildConfigurations = (
				0376C71E2886AF5A00A9EC9D /* Debug */,
				0376C71F2886AF5A00A9EC9D /* Release */,
			);
			defaultConfigurationIsVisible = 0;
			defaultConfigurationName = Release;
		};
		0376C7202886AF5A00A9EC9D /* Build configuration list for PBXNativeTarget "JSONProjectUITests" */ = {
			isa = XCConfigurationList;
			buildConfigurations = (
				0376C7212886AF5A00A9EC9D /* Debug */,
				0376C7222886AF5A00A9EC9D /* Release */,
			);
			defaultConfigurationIsVisible = 0;
			defaultConfigurationName = Release;
		};
/* End XCConfigurationList section */
	};
	rootObject = 0376C6E82886AF5800A9EC9D /* Project object */;
}
