// !$*UTF8*$!
{
	archiveVersion = 1;
	classes = {
	};
	objectVersion = 55;
	objects = {

/* Begin PBXBuildFile section */
		03482985289D917500B6AF5D /* TableViewCell.swift in Sources */ = {isa = PBXBuildFile; fileRef = 03482983289D917500B6AF5D /* TableViewCell.swift */; };
		03482986289D917500B6AF5D /* TableViewCell.xib in Resources */ = {isa = PBXBuildFile; fileRef = 03482984289D917500B6AF5D /* TableViewCell.xib */; };
		03482988289D921900B6AF5D /* datafile.json in Resources */ = {isa = PBXBuildFile; fileRef = 03482987289D921800B6AF5D /* datafile.json */; };
		03AB7ED5288188940086A5DA /* AppDelegate.swift in Sources */ = {isa = PBXBuildFile; fileRef = 03AB7ED4288188940086A5DA /* AppDelegate.swift */; };
		03AB7ED7288188940086A5DA /* SceneDelegate.swift in Sources */ = {isa = PBXBuildFile; fileRef = 03AB7ED6288188940086A5DA /* SceneDelegate.swift */; };
		03AB7ED9288188940086A5DA /* ViewController.swift in Sources */ = {isa = PBXBuildFile; fileRef = 03AB7ED8288188940086A5DA /* ViewController.swift */; };
		03AB7EDC288188940086A5DA /* Main.storyboard in Resources */ = {isa = PBXBuildFile; fileRef = 03AB7EDA288188940086A5DA /* Main.storyboard */; };
		03AB7EDE288188960086A5DA /* Assets.xcassets in Resources */ = {isa = PBXBuildFile; fileRef = 03AB7EDD288188960086A5DA /* Assets.xcassets */; };
		03AB7EE1288188960086A5DA /* LaunchScreen.storyboard in Resources */ = {isa = PBXBuildFile; fileRef = 03AB7EDF288188960086A5DA /* LaunchScreen.storyboard */; };
		03AB7EEC288188960086A5DA /* JSONdemoTests.swift in Sources */ = {isa = PBXBuildFile; fileRef = 03AB7EEB288188960086A5DA /* JSONdemoTests.swift */; };
		03AB7EF6288188960086A5DA /* JSONdemoUITests.swift in Sources */ = {isa = PBXBuildFile; fileRef = 03AB7EF5288188960086A5DA /* JSONdemoUITests.swift */; };
		03AB7EF8288188960086A5DA /* JSONdemoUITestsLaunchTests.swift in Sources */ = {isa = PBXBuildFile; fileRef = 03AB7EF7288188960086A5DA /* JSONdemoUITestsLaunchTests.swift */; };
		03CEC85A28A0CB2600C422F3 /* File.swift in Sources */ = {isa = PBXBuildFile; fileRef = 03CEC85928A0CB2600C422F3 /* File.swift */; };
/* End PBXBuildFile section */

/* Begin PBXContainerItemProxy section */
		03AB7EE8288188960086A5DA /* PBXContainerItemProxy */ = {
			isa = PBXContainerItemProxy;
			containerPortal = 03AB7EC9288188940086A5DA /* Project object */;
			proxyType = 1;
			remoteGlobalIDString = 03AB7ED0288188940086A5DA;
			remoteInfo = JSONdemo;
		};
		03AB7EF2288188960086A5DA /* PBXContainerItemProxy */ = {
			isa = PBXContainerItemProxy;
			containerPortal = 03AB7EC9288188940086A5DA /* Project object */;
			proxyType = 1;
			remoteGlobalIDString = 03AB7ED0288188940086A5DA;
			remoteInfo = JSONdemo;
		};
/* End PBXContainerItemProxy section */

/* Begin PBXFileReference section */
		03482983289D917500B6AF5D /* TableViewCell.swift */ = {isa = PBXFileReference; lastKnownFileType = sourcecode.swift; path = TableViewCell.swift; sourceTree = "<group>"; };
		03482984289D917500B6AF5D /* TableViewCell.xib */ = {isa = PBXFileReference; lastKnownFileType = file.xib; path = TableViewCell.xib; sourceTree = "<group>"; };
		03482987289D921800B6AF5D /* datafile.json */ = {isa = PBXFileReference; fileEncoding = 4; lastKnownFileType = text.json; path = datafile.json; sourceTree = "<group>"; };
		03AB7ED1288188940086A5DA /* JSONdemo.app */ = {isa = PBXFileReference; explicitFileType = wrapper.application; includeInIndex = 0; path = JSONdemo.app; sourceTree = BUILT_PRODUCTS_DIR; };
		03AB7ED4288188940086A5DA /* AppDelegate.swift */ = {isa = PBXFileReference; lastKnownFileType = sourcecode.swift; path = AppDelegate.swift; sourceTree = "<group>"; };
		03AB7ED6288188940086A5DA /* SceneDelegate.swift */ = {isa = PBXFileReference; lastKnownFileType = sourcecode.swift; path = SceneDelegate.swift; sourceTree = "<group>"; };
		03AB7ED8288188940086A5DA /* ViewController.swift */ = {isa = PBXFileReference; lastKnownFileType = sourcecode.swift; path = ViewController.swift; sourceTree = "<group>"; };
		03AB7EDB288188940086A5DA /* Base */ = {isa = PBXFileReference; lastKnownFileType = file.storyboard; name = Base; path = Base.lproj/Main.storyboard; sourceTree = "<group>"; };
		03AB7EDD288188960086A5DA /* Assets.xcassets */ = {isa = PBXFileReference; lastKnownFileType = folder.assetcatalog; path = Assets.xcassets; sourceTree = "<group>"; };
		03AB7EE0288188960086A5DA /* Base */ = {isa = PBXFileReference; lastKnownFileType = file.storyboard; name = Base; path = Base.lproj/LaunchScreen.storyboard; sourceTree = "<group>"; };
		03AB7EE2288188960086A5DA /* Info.plist */ = {isa = PBXFileReference; lastKnownFileType = text.plist.xml; path = Info.plist; sourceTree = "<group>"; };
		03AB7EE7288188960086A5DA /* JSONdemoTests.xctest */ = {isa = PBXFileReference; explicitFileType = wrapper.cfbundle; includeInIndex = 0; path = JSONdemoTests.xctest; sourceTree = BUILT_PRODUCTS_DIR; };
		03AB7EEB288188960086A5DA /* JSONdemoTests.swift */ = {isa = PBXFileReference; lastKnownFileType = sourcecode.swift; path = JSONdemoTests.swift; sourceTree = "<group>"; };
		03AB7EF1288188960086A5DA /* JSONdemoUITests.xctest */ = {isa = PBXFileReference; explicitFileType = wrapper.cfbundle; includeInIndex = 0; path = JSONdemoUITests.xctest; sourceTree = BUILT_PRODUCTS_DIR; };
		03AB7EF5288188960086A5DA /* JSONdemoUITests.swift */ = {isa = PBXFileReference; lastKnownFileType = sourcecode.swift; path = JSONdemoUITests.swift; sourceTree = "<group>"; };
		03AB7EF7288188960086A5DA /* JSONdemoUITestsLaunchTests.swift */ = {isa = PBXFileReference; lastKnownFileType = sourcecode.swift; path = JSONdemoUITestsLaunchTests.swift; sourceTree = "<group>"; };
		03CEC85928A0CB2600C422F3 /* File.swift */ = {isa = PBXFileReference; lastKnownFileType = sourcecode.swift; path = File.swift; sourceTree = "<group>"; };
/* End PBXFileReference section */

/* Begin PBXFrameworksBuildPhase section */
		03AB7ECE288188940086A5DA /* Frameworks */ = {
			isa = PBXFrameworksBuildPhase;
			buildActionMask = 2147483647;
			files = (
			);
			runOnlyForDeploymentPostprocessing = 0;
		};
		03AB7EE4288188960086A5DA /* Frameworks */ = {
			isa = PBXFrameworksBuildPhase;
			buildActionMask = 2147483647;
			files = (
			);
			runOnlyForDeploymentPostprocessing = 0;
		};
		03AB7EEE288188960086A5DA /* Frameworks */ = {
			isa = PBXFrameworksBuildPhase;
			buildActionMask = 2147483647;
			files = (
			);
			runOnlyForDeploymentPostprocessing = 0;
		};
/* End PBXFrameworksBuildPhase section */

/* Begin PBXGroup section */
		03AB7EC8288188940086A5DA = {
			isa = PBXGroup;
			children = (
				03AB7ED3288188940086A5DA /* JSONdemo */,
				03AB7EEA288188960086A5DA /* JSONdemoTests */,
				03AB7EF4288188960086A5DA /* JSONdemoUITests */,
				03AB7ED2288188940086A5DA /* Products */,
			);
			sourceTree = "<group>";
		};
		03AB7ED2288188940086A5DA /* Products */ = {
			isa = PBXGroup;
			children = (
				03AB7ED1288188940086A5DA /* JSONdemo.app */,
				03AB7EE7288188960086A5DA /* JSONdemoTests.xctest */,
				03AB7EF1288188960086A5DA /* JSONdemoUITests.xctest */,
			);
			name = Products;
			sourceTree = "<group>";
		};
		03AB7ED3288188940086A5DA /* JSONdemo */ = {
			isa = PBXGroup;
			children = (
				03AB7ED4288188940086A5DA /* AppDelegate.swift */,
				03AB7ED6288188940086A5DA /* SceneDelegate.swift */,
				03AB7ED8288188940086A5DA /* ViewController.swift */,
				03482987289D921800B6AF5D /* datafile.json */,
				03AB7EDA288188940086A5DA /* Main.storyboard */,
				03AB7EDD288188960086A5DA /* Assets.xcassets */,
				03AB7EDF288188960086A5DA /* LaunchScreen.storyboard */,
				03AB7EE2288188960086A5DA /* Info.plist */,
				03482983289D917500B6AF5D /* TableViewCell.swift */,
				03482984289D917500B6AF5D /* TableViewCell.xib */,
				03CEC85928A0CB2600C422F3 /* File.swift */,
			);
			path = JSONdemo;
			sourceTree = "<group>";
		};
		03AB7EEA288188960086A5DA /* JSONdemoTests */ = {
			isa = PBXGroup;
			children = (
				03AB7EEB288188960086A5DA /* JSONdemoTests.swift */,
			);
			path = JSONdemoTests;
			sourceTree = "<group>";
		};
		03AB7EF4288188960086A5DA /* JSONdemoUITests */ = {
			isa = PBXGroup;
			children = (
				03AB7EF5288188960086A5DA /* JSONdemoUITests.swift */,
				03AB7EF7288188960086A5DA /* JSONdemoUITestsLaunchTests.swift */,
			);
			path = JSONdemoUITests;
			sourceTree = "<group>";
		};
/* End PBXGroup section */

/* Begin PBXNativeTarget section */
		03AB7ED0288188940086A5DA /* JSONdemo */ = {
			isa = PBXNativeTarget;
			buildConfigurationList = 03AB7EFB288188960086A5DA /* Build configuration list for PBXNativeTarget "JSONdemo" */;
			buildPhases = (
				03AB7ECD288188940086A5DA /* Sources */,
				03AB7ECE288188940086A5DA /* Frameworks */,
				03AB7ECF288188940086A5DA /* Resources */,
			);
			buildRules = (
			);
			dependencies = (
			);
			name = JSONdemo;
			productName = JSONdemo;
			productReference = 03AB7ED1288188940086A5DA /* JSONdemo.app */;
			productType = "com.apple.product-type.application";
		};
		03AB7EE6288188960086A5DA /* JSONdemoTests */ = {
			isa = PBXNativeTarget;
			buildConfigurationList = 03AB7EFE288188960086A5DA /* Build configuration list for PBXNativeTarget "JSONdemoTests" */;
			buildPhases = (
				03AB7EE3288188960086A5DA /* Sources */,
				03AB7EE4288188960086A5DA /* Frameworks */,
				03AB7EE5288188960086A5DA /* Resources */,
			);
			buildRules = (
			);
			dependencies = (
				03AB7EE9288188960086A5DA /* PBXTargetDependency */,
			);
			name = JSONdemoTests;
			productName = JSONdemoTests;
			productReference = 03AB7EE7288188960086A5DA /* JSONdemoTests.xctest */;
			productType = "com.apple.product-type.bundle.unit-test";
		};
		03AB7EF0288188960086A5DA /* JSONdemoUITests */ = {
			isa = PBXNativeTarget;
			buildConfigurationList = 03AB7F01288188960086A5DA /* Build configuration list for PBXNativeTarget "JSONdemoUITests" */;
			buildPhases = (
				03AB7EED288188960086A5DA /* Sources */,
				03AB7EEE288188960086A5DA /* Frameworks */,
				03AB7EEF288188960086A5DA /* Resources */,
			);
			buildRules = (
			);
			dependencies = (
				03AB7EF3288188960086A5DA /* PBXTargetDependency */,
			);
			name = JSONdemoUITests;
			productName = JSONdemoUITests;
			productReference = 03AB7EF1288188960086A5DA /* JSONdemoUITests.xctest */;
			productType = "com.apple.product-type.bundle.ui-testing";
		};
/* End PBXNativeTarget section */

/* Begin PBXProject section */
		03AB7EC9288188940086A5DA /* Project object */ = {
			isa = PBXProject;
			attributes = {
				BuildIndependentTargetsInParallel = 1;
				LastSwiftUpdateCheck = 1340;
				LastUpgradeCheck = 1340;
				TargetAttributes = {
					03AB7ED0288188940086A5DA = {
						CreatedOnToolsVersion = 13.4;
					};
					03AB7EE6288188960086A5DA = {
						CreatedOnToolsVersion = 13.4;
						TestTargetID = 03AB7ED0288188940086A5DA;
					};
					03AB7EF0288188960086A5DA = {
						CreatedOnToolsVersion = 13.4;
						TestTargetID = 03AB7ED0288188940086A5DA;
					};
				};
			};
			buildConfigurationList = 03AB7ECC288188940086A5DA /* Build configuration list for PBXProject "JSONdemo" */;
			compatibilityVersion = "Xcode 13.0";
			developmentRegion = en;
			hasScannedForEncodings = 0;
			knownRegions = (
				en,
				Base,
			);
			mainGroup = 03AB7EC8288188940086A5DA;
			productRefGroup = 03AB7ED2288188940086A5DA /* Products */;
			projectDirPath = "";
			projectRoot = "";
			targets = (
				03AB7ED0288188940086A5DA /* JSONdemo */,
				03AB7EE6288188960086A5DA /* JSONdemoTests */,
				03AB7EF0288188960086A5DA /* JSONdemoUITests */,
			);
		};
/* End PBXProject section */

/* Begin PBXResourcesBuildPhase section */
		03AB7ECF288188940086A5DA /* Resources */ = {
			isa = PBXResourcesBuildPhase;
			buildActionMask = 2147483647;
			files = (
				03AB7EE1288188960086A5DA /* LaunchScreen.storyboard in Resources */,
				03482986289D917500B6AF5D /* TableViewCell.xib in Resources */,
				03AB7EDE288188960086A5DA /* Assets.xcassets in Resources */,
				03482988289D921900B6AF5D /* datafile.json in Resources */,
				03AB7EDC288188940086A5DA /* Main.storyboard in Resources */,
			);
			runOnlyForDeploymentPostprocessing = 0;
		};
		03AB7EE5288188960086A5DA /* Resources */ = {
			isa = PBXResourcesBuildPhase;
			buildActionMask = 2147483647;
			files = (
			);
			runOnlyForDeploymentPostprocessing = 0;
		};
		03AB7EEF288188960086A5DA /* Resources */ = {
			isa = PBXResourcesBuildPhase;
			buildActionMask = 2147483647;
			files = (
			);
			runOnlyForDeploymentPostprocessing = 0;
		};
/* End PBXResourcesBuildPhase section */

/* Begin PBXSourcesBuildPhase section */
		03AB7ECD288188940086A5DA /* Sources */ = {
			isa = PBXSourcesBuildPhase;
			buildActionMask = 2147483647;
			files = (
				03CEC85A28A0CB2600C422F3 /* File.swift in Sources */,
				03AB7ED9288188940086A5DA /* ViewController.swift in Sources */,
				03482985289D917500B6AF5D /* TableViewCell.swift in Sources */,
				03AB7ED5288188940086A5DA /* AppDelegate.swift in Sources */,
				03AB7ED7288188940086A5DA /* SceneDelegate.swift in Sources */,
			);
			runOnlyForDeploymentPostprocessing = 0;
		};
		03AB7EE3288188960086A5DA /* Sources */ = {
			isa = PBXSourcesBuildPhase;
			buildActionMask = 2147483647;
			files = (
				03AB7EEC288188960086A5DA /* JSONdemoTests.swift in Sources */,
			);
			runOnlyForDeploymentPostprocessing = 0;
		};
		03AB7EED288188960086A5DA /* Sources */ = {
			isa = PBXSourcesBuildPhase;
			buildActionMask = 2147483647;
			files = (
				03AB7EF8288188960086A5DA /* JSONdemoUITestsLaunchTests.swift in Sources */,
				03AB7EF6288188960086A5DA /* JSONdemoUITests.swift in Sources */,
			);
			runOnlyForDeploymentPostprocessing = 0;
		};
/* End PBXSourcesBuildPhase section */

/* Begin PBXTargetDependency section */
		03AB7EE9288188960086A5DA /* PBXTargetDependency */ = {
			isa = PBXTargetDependency;
			target = 03AB7ED0288188940086A5DA /* JSONdemo */;
			targetProxy = 03AB7EE8288188960086A5DA /* PBXContainerItemProxy */;
		};
		03AB7EF3288188960086A5DA /* PBXTargetDependency */ = {
			isa = PBXTargetDependency;
			target = 03AB7ED0288188940086A5DA /* JSONdemo */;
			targetProxy = 03AB7EF2288188960086A5DA /* PBXContainerItemProxy */;
		};
/* End PBXTargetDependency section */

/* Begin PBXVariantGroup section */
		03AB7EDA288188940086A5DA /* Main.storyboard */ = {
			isa = PBXVariantGroup;
			children = (
				03AB7EDB288188940086A5DA /* Base */,
			);
			name = Main.storyboard;
			sourceTree = "<group>";
		};
		03AB7EDF288188960086A5DA /* LaunchScreen.storyboard */ = {
			isa = PBXVariantGroup;
			children = (
				03AB7EE0288188960086A5DA /* Base */,
			);
			name = LaunchScreen.storyboard;
			sourceTree = "<group>";
		};
/* End PBXVariantGroup section */

/* Begin XCBuildConfiguration section */
		03AB7EF9288188960086A5DA /* Debug */ = {
			isa = XCBuildConfiguration;
			buildSettings = {
				ALWAYS_SEARCH_USER_PATHS = NO;
				CLANG_ANALYZER_NONNULL = YES;
				CLANG_ANALYZER_NUMBER_OBJECT_CONVERSION = YES_AGGRESSIVE;
				CLANG_CXX_LANGUAGE_STANDARD = "gnu++17";
				CLANG_ENABLE_MODULES = YES;
				CLANG_ENABLE_OBJC_ARC = YES;
				CLANG_ENABLE_OBJC_WEAK = YES;
				CLANG_WARN_BLOCK_CAPTURE_AUTORELEASING = YES;
				CLANG_WARN_BOOL_CONVERSION = YES;
				CLANG_WARN_COMMA = YES;
				CLANG_WARN_CONSTANT_CONVERSION = YES;
				CLANG_WARN_DEPRECATED_OBJC_IMPLEMENTATIONS = YES;
				CLANG_WARN_DIRECT_OBJC_ISA_USAGE = YES_ERROR;
				CLANG_WARN_DOCUMENTATION_COMMENTS = YES;
				CLANG_WARN_EMPTY_BODY = YES;
				CLANG_WARN_ENUM_CONVERSION = YES;
				CLANG_WARN_INFINITE_RECURSION = YES;
				CLANG_WARN_INT_CONVERSION = YES;
				CLANG_WARN_NON_LITERAL_NULL_CONVERSION = YES;
				CLANG_WARN_OBJC_IMPLICIT_RETAIN_SELF = YES;
				CLANG_WARN_OBJC_LITERAL_CONVERSION = YES;
				CLANG_WARN_OBJC_ROOT_CLASS = YES_ERROR;
				CLANG_WARN_QUOTED_INCLUDE_IN_FRAMEWORK_HEADER = YES;
				CLANG_WARN_RANGE_LOOP_ANALYSIS = YES;
				CLANG_WARN_STRICT_PROTOTYPES = YES;
				CLANG_WARN_SUSPICIOUS_MOVE = YES;
				CLANG_WARN_UNGUARDED_AVAILABILITY = YES_AGGRESSIVE;
				CLANG_WARN_UNREACHABLE_CODE = YES;
				CLANG_WARN__DUPLICATE_METHOD_MATCH = YES;
				COPY_PHASE_STRIP = NO;
				DEBUG_INFORMATION_FORMAT = dwarf;
				ENABLE_STRICT_OBJC_MSGSEND = YES;
				ENABLE_TESTABILITY = YES;
				GCC_C_LANGUAGE_STANDARD = gnu11;
				GCC_DYNAMIC_NO_PIC = NO;
				GCC_NO_COMMON_BLOCKS = YES;
				GCC_OPTIMIZATION_LEVEL = 0;
				GCC_PREPROCESSOR_DEFINITIONS = (
					"DEBUG=1",
					"$(inherited)",
				);
				GCC_WARN_64_TO_32_BIT_CONVERSION = YES;
				GCC_WARN_ABOUT_RETURN_TYPE = YES_ERROR;
				GCC_WARN_UNDECLARED_SELECTOR = YES;
				GCC_WARN_UNINITIALIZED_AUTOS = YES_AGGRESSIVE;
				GCC_WARN_UNUSED_FUNCTION = YES;
				GCC_WARN_UNUSED_VARIABLE = YES;
				IPHONEOS_DEPLOYMENT_TARGET = 15.5;
				MTL_ENABLE_DEBUG_INFO = INCLUDE_SOURCE;
				MTL_FAST_MATH = YES;
				ONLY_ACTIVE_ARCH = YES;
				SDKROOT = iphoneos;
				SWIFT_ACTIVE_COMPILATION_CONDITIONS = DEBUG;
				SWIFT_OPTIMIZATION_LEVEL = "-Onone";
			};
			name = Debug;
		};
		03AB7EFA288188960086A5DA /* Release */ = {
			isa = XCBuildConfiguration;
			buildSettings = {
				ALWAYS_SEARCH_USER_PATHS = NO;
				CLANG_ANALYZER_NONNULL = YES;
				CLANG_ANALYZER_NUMBER_OBJECT_CONVERSION = YES_AGGRESSIVE;
				CLANG_CXX_LANGUAGE_STANDARD = "gnu++17";
				CLANG_ENABLE_MODULES = YES;
				CLANG_ENABLE_OBJC_ARC = YES;
				CLANG_ENABLE_OBJC_WEAK = YES;
				CLANG_WARN_BLOCK_CAPTURE_AUTORELEASING = YES;
				CLANG_WARN_BOOL_CONVERSION = YES;
				CLANG_WARN_COMMA = YES;
				CLANG_WARN_CONSTANT_CONVERSION = YES;
				CLANG_WARN_DEPRECATED_OBJC_IMPLEMENTATIONS = YES;
				CLANG_WARN_DIRECT_OBJC_ISA_USAGE = YES_ERROR;
				CLANG_WARN_DOCUMENTATION_COMMENTS = YES;
				CLANG_WARN_EMPTY_BODY = YES;
				CLANG_WARN_ENUM_CONVERSION = YES;
				CLANG_WARN_INFINITE_RECURSION = YES;
				CLANG_WARN_INT_CONVERSION = YES;
				CLANG_WARN_NON_LITERAL_NULL_CONVERSION = YES;
				CLANG_WARN_OBJC_IMPLICIT_RETAIN_SELF = YES;
				CLANG_WARN_OBJC_LITERAL_CONVERSION = YES;
				CLANG_WARN_OBJC_ROOT_CLASS = YES_ERROR;
				CLANG_WARN_QUOTED_INCLUDE_IN_FRAMEWORK_HEADER = YES;
				CLANG_WARN_RANGE_LOOP_ANALYSIS = YES;
				CLANG_WARN_STRICT_PROTOTYPES = YES;
				CLANG_WARN_SUSPICIOUS_MOVE = YES;
				CLANG_WARN_UNGUARDED_AVAILABILITY = YES_AGGRESSIVE;
				CLANG_WARN_UNREACHABLE_CODE = YES;
				CLANG_WARN__DUPLICATE_METHOD_MATCH = YES;
				COPY_PHASE_STRIP = NO;
				DEBUG_INFORMATION_FORMAT = "dwarf-with-dsym";
				ENABLE_NS_ASSERTIONS = NO;
				ENABLE_STRICT_OBJC_MSGSEND = YES;
				GCC_C_LANGUAGE_STANDARD = gnu11;
				GCC_NO_COMMON_BLOCKS = YES;
				GCC_WARN_64_TO_32_BIT_CONVERSION = YES;
				GCC_WARN_ABOUT_RETURN_TYPE = YES_ERROR;
				GCC_WARN_UNDECLARED_SELECTOR = YES;
				GCC_WARN_UNINITIALIZED_AUTOS = YES_AGGRESSIVE;
				GCC_WARN_UNUSED_FUNCTION = YES;
				GCC_WARN_UNUSED_VARIABLE = YES;
				IPHONEOS_DEPLOYMENT_TARGET = 15.5;
				MTL_ENABLE_DEBUG_INFO = NO;
				MTL_FAST_MATH = YES;
				SDKROOT = iphoneos;
				SWIFT_COMPILATION_MODE = wholemodule;
				SWIFT_OPTIMIZATION_LEVEL = "-O";
				VALIDATE_PRODUCT = YES;
			};
			name = Release;
		};
		03AB7EFC288188960086A5DA /* Debug */ = {
			isa = XCBuildConfiguration;
			buildSettings = {
				ASSETCATALOG_COMPILER_APPICON_NAME = AppIcon;
				ASSETCATALOG_COMPILER_GLOBAL_ACCENT_COLOR_NAME = AccentColor;
				CODE_SIGN_STYLE = Automatic;
				CURRENT_PROJECT_VERSION = 1;
				GENERATE_INFOPLIST_FILE = YES;
				INFOPLIST_FILE = JSONdemo/Info.plist;
				INFOPLIST_KEY_UIApplicationSupportsIndirectInputEvents = YES;
				INFOPLIST_KEY_UILaunchStoryboardName = LaunchScreen;
				INFOPLIST_KEY_UIMainStoryboardFile = Main;
				INFOPLIST_KEY_UISupportedInterfaceOrientations_iPad = "UIInterfaceOrientationPortrait UIInterfaceOrientationPortraitUpsideDown UIInterfaceOrientationLandscapeLeft UIInterfaceOrientationLandscapeRight";
				INFOPLIST_KEY_UISupportedInterfaceOrientations_iPhone = "UIInterfaceOrientationPortrait UIInterfaceOrientationLandscapeLeft UIInterfaceOrientationLandscapeRight";
				LD_RUNPATH_SEARCH_PATHS = (
					"$(inherited)",
					"@executable_path/Frameworks",
				);
				MARKETING_VERSION = 1.0;
				PRODUCT_BUNDLE_IDENTIFIER = com.amazon.Practice.JSONdemo;
				PRODUCT_NAME = "$(TARGET_NAME)";
				SWIFT_EMIT_LOC_STRINGS = YES;
				SWIFT_VERSION = 5.0;
				TARGETED_DEVICE_FAMILY = "1,2";
			};
			name = Debug;
		};
		03AB7EFD288188960086A5DA /* Release */ = {
			isa = XCBuildConfiguration;
			buildSettings = {
				ASSETCATALOG_COMPILER_APPICON_NAME = AppIcon;
				ASSETCATALOG_COMPILER_GLOBAL_ACCENT_COLOR_NAME = AccentColor;
				CODE_SIGN_STYLE = Automatic;
				CURRENT_PROJECT_VERSION = 1;
				GENERATE_INFOPLIST_FILE = YES;
				INFOPLIST_FILE = JSONdemo/Info.plist;
				INFOPLIST_KEY_UIApplicationSupportsIndirectInputEvents = YES;
				INFOPLIST_KEY_UILaunchStoryboardName = LaunchScreen;
				INFOPLIST_KEY_UIMainStoryboardFile = Main;
				INFOPLIST_KEY_UISupportedInterfaceOrientations_iPad = "UIInterfaceOrientationPortrait UIInterfaceOrientationPortraitUpsideDown UIInterfaceOrientationLandscapeLeft UIInterfaceOrientationLandscapeRight";
				INFOPLIST_KEY_UISupportedInterfaceOrientations_iPhone = "UIInterfaceOrientationPortrait UIInterfaceOrientationLandscapeLeft UIInterfaceOrientationLandscapeRight";
				LD_RUNPATH_SEARCH_PATHS = (
					"$(inherited)",
					"@executable_path/Frameworks",
				);
				MARKETING_VERSION = 1.0;
				PRODUCT_BUNDLE_IDENTIFIER = com.amazon.Practice.JSONdemo;
				PRODUCT_NAME = "$(TARGET_NAME)";
				SWIFT_EMIT_LOC_STRINGS = YES;
				SWIFT_VERSION = 5.0;
				TARGETED_DEVICE_FAMILY = "1,2";
			};
			name = Release;
		};
		03AB7EFF288188960086A5DA /* Debug */ = {
			isa = XCBuildConfiguration;
			buildSettings = {
				ALWAYS_EMBED_SWIFT_STANDARD_LIBRARIES = YES;
				BUNDLE_LOADER = "$(TEST_HOST)";
				CODE_SIGN_STYLE = Automatic;
				CURRENT_PROJECT_VERSION = 1;
				GENERATE_INFOPLIST_FILE = YES;
				IPHONEOS_DEPLOYMENT_TARGET = 15.5;
				MARKETING_VERSION = 1.0;
				PRODUCT_BUNDLE_IDENTIFIER = com.amazon.Practice.JSONdemoTests;
				PRODUCT_NAME = "$(TARGET_NAME)";
				SWIFT_EMIT_LOC_STRINGS = NO;
				SWIFT_VERSION = 5.0;
				TARGETED_DEVICE_FAMILY = "1,2";
				TEST_HOST = "$(BUILT_PRODUCTS_DIR)/JSONdemo.app/JSONdemo";
			};
			name = Debug;
		};
		03AB7F00288188960086A5DA /* Release */ = {
			isa = XCBuildConfiguration;
			buildSettings = {
				ALWAYS_EMBED_SWIFT_STANDARD_LIBRARIES = YES;
				BUNDLE_LOADER = "$(TEST_HOST)";
				CODE_SIGN_STYLE = Automatic;
				CURRENT_PROJECT_VERSION = 1;
				GENERATE_INFOPLIST_FILE = YES;
				IPHONEOS_DEPLOYMENT_TARGET = 15.5;
				MARKETING_VERSION = 1.0;
				PRODUCT_BUNDLE_IDENTIFIER = com.amazon.Practice.JSONdemoTests;
				PRODUCT_NAME = "$(TARGET_NAME)";
				SWIFT_EMIT_LOC_STRINGS = NO;
				SWIFT_VERSION = 5.0;
				TARGETED_DEVICE_FAMILY = "1,2";
				TEST_HOST = "$(BUILT_PRODUCTS_DIR)/JSONdemo.app/JSONdemo";
			};
			name = Release;
		};
		03AB7F02288188960086A5DA /* Debug */ = {
			isa = XCBuildConfiguration;
			buildSettings = {
				ALWAYS_EMBED_SWIFT_STANDARD_LIBRARIES = YES;
				CODE_SIGN_STYLE = Automatic;
				CURRENT_PROJECT_VERSION = 1;
				GENERATE_INFOPLIST_FILE = YES;
				MARKETING_VERSION = 1.0;
				PRODUCT_BUNDLE_IDENTIFIER = com.amazon.Practice.JSONdemoUITests;
				PRODUCT_NAME = "$(TARGET_NAME)";
				SWIFT_EMIT_LOC_STRINGS = NO;
				SWIFT_VERSION = 5.0;
				TARGETED_DEVICE_FAMILY = "1,2";
				TEST_TARGET_NAME = JSONdemo;
			};
			name = Debug;
		};
		03AB7F03288188960086A5DA /* Release */ = {
			isa = XCBuildConfiguration;
			buildSettings = {
				ALWAYS_EMBED_SWIFT_STANDARD_LIBRARIES = YES;
				CODE_SIGN_STYLE = Automatic;
				CURRENT_PROJECT_VERSION = 1;
				GENERATE_INFOPLIST_FILE = YES;
				MARKETING_VERSION = 1.0;
				PRODUCT_BUNDLE_IDENTIFIER = com.amazon.Practice.JSONdemoUITests;
				PRODUCT_NAME = "$(TARGET_NAME)";
				SWIFT_EMIT_LOC_STRINGS = NO;
				SWIFT_VERSION = 5.0;
				TARGETED_DEVICE_FAMILY = "1,2";
				TEST_TARGET_NAME = JSONdemo;
			};
			name = Release;
		};
/* End XCBuildConfiguration section */

/* Begin XCConfigurationList section */
		03AB7ECC288188940086A5DA /* Build configuration list for PBXProject "JSONdemo" */ = {
			isa = XCConfigurationList;
			buildConfigurations = (
				03AB7EF9288188960086A5DA /* Debug */,
				03AB7EFA288188960086A5DA /* Release */,
			);
			defaultConfigurationIsVisible = 0;
			defaultConfigurationName = Release;
		};
		03AB7EFB288188960086A5DA /* Build configuration list for PBXNativeTarget "JSONdemo" */ = {
			isa = XCConfigurationList;
			buildConfigurations = (
				03AB7EFC288188960086A5DA /* Debug */,
				03AB7EFD288188960086A5DA /* Release */,
			);
			defaultConfigurationIsVisible = 0;
			defaultConfigurationName = Release;
		};
		03AB7EFE288188960086A5DA /* Build configuration list for PBXNativeTarget "JSONdemoTests" */ = {
			isa = XCConfigurationList;
			buildConfigurations = (
				03AB7EFF288188960086A5DA /* Debug */,
				03AB7F00288188960086A5DA /* Release */,
			);
			defaultConfigurationIsVisible = 0;
			defaultConfigurationName = Release;
		};
		03AB7F01288188960086A5DA /* Build configuration list for PBXNativeTarget "JSONdemoUITests" */ = {
			isa = XCConfigurationList;
			buildConfigurations = (
				03AB7F02288188960086A5DA /* Debug */,
				03AB7F03288188960086A5DA /* Release */,
			);
			defaultConfigurationIsVisible = 0;
			defaultConfigurationName = Release;
		};
/* End XCConfigurationList section */
	};
	rootObject = 03AB7EC9288188940086A5DA /* Project object */;
}
