// !$*UTF8*$!
{
	archiveVersion = 1;
	classes = {
	};
	objectVersion = 55;
	objects = {

/* Begin PBXBuildFile section */
		036ECF8C2892F9160021451E /* ViewController.swift in Sources */ = {isa = PBXBuildFile; fileRef = 03B70FB92891D973007D0901 /* ViewController.swift */; };
		03B70FB62891D973007D0901 /* AppDelegate.swift in Sources */ = {isa = PBXBuildFile; fileRef = 03B70FB52891D973007D0901 /* AppDelegate.swift */; };
		03B70FB82891D973007D0901 /* SceneDelegate.swift in Sources */ = {isa = PBXBuildFile; fileRef = 03B70FB72891D973007D0901 /* SceneDelegate.swift */; };
		03B70FBD2891D973007D0901 /* Main.storyboard in Resources */ = {isa = PBXBuildFile; fileRef = 03B70FBB2891D973007D0901 /* Main.storyboard */; };
		03B70FBF2891D976007D0901 /* Assets.xcassets in Resources */ = {isa = PBXBuildFile; fileRef = 03B70FBE2891D976007D0901 /* Assets.xcassets */; };
		03B70FC22891D976007D0901 /* LaunchScreen.storyboard in Resources */ = {isa = PBXBuildFile; fileRef = 03B70FC02891D976007D0901 /* LaunchScreen.storyboard */; };
		03B70FCD2891D976007D0901 /* RegistrationDemoAppTests.swift in Sources */ = {isa = PBXBuildFile; fileRef = 03B70FCC2891D976007D0901 /* RegistrationDemoAppTests.swift */; };
		03B70FD72891D976007D0901 /* RegistrationDemoAppUITests.swift in Sources */ = {isa = PBXBuildFile; fileRef = 03B70FD62891D976007D0901 /* RegistrationDemoAppUITests.swift */; };
		03B70FD92891D976007D0901 /* RegistrationDemoAppUITestsLaunchTests.swift in Sources */ = {isa = PBXBuildFile; fileRef = 03B70FD82891D976007D0901 /* RegistrationDemoAppUITestsLaunchTests.swift */; };
/* End PBXBuildFile section */

/* Begin PBXContainerItemProxy section */
		03B70FC92891D976007D0901 /* PBXContainerItemProxy */ = {
			isa = PBXContainerItemProxy;
			containerPortal = 03B70FAA2891D973007D0901 /* Project object */;
			proxyType = 1;
			remoteGlobalIDString = 03B70FB12891D973007D0901;
			remoteInfo = RegistrationDemoApp;
		};
		03B70FD32891D976007D0901 /* PBXContainerItemProxy */ = {
			isa = PBXContainerItemProxy;
			containerPortal = 03B70FAA2891D973007D0901 /* Project object */;
			proxyType = 1;
			remoteGlobalIDString = 03B70FB12891D973007D0901;
			remoteInfo = RegistrationDemoApp;
		};
/* End PBXContainerItemProxy section */

/* Begin PBXFileReference section */
		03B70FB22891D973007D0901 /* RegistrationDemoApp.app */ = {isa = PBXFileReference; explicitFileType = wrapper.application; includeInIndex = 0; path = RegistrationDemoApp.app; sourceTree = BUILT_PRODUCTS_DIR; };
		03B70FB52891D973007D0901 /* AppDelegate.swift */ = {isa = PBXFileReference; lastKnownFileType = sourcecode.swift; path = AppDelegate.swift; sourceTree = "<group>"; };
		03B70FB72891D973007D0901 /* SceneDelegate.swift */ = {isa = PBXFileReference; lastKnownFileType = sourcecode.swift; path = SceneDelegate.swift; sourceTree = "<group>"; };
		03B70FB92891D973007D0901 /* ViewController.swift */ = {isa = PBXFileReference; lastKnownFileType = sourcecode.swift; path = ViewController.swift; sourceTree = "<group>"; };
		03B70FBC2891D973007D0901 /* Base */ = {isa = PBXFileReference; lastKnownFileType = file.storyboard; name = Base; path = Base.lproj/Main.storyboard; sourceTree = "<group>"; };
		03B70FBE2891D976007D0901 /* Assets.xcassets */ = {isa = PBXFileReference; lastKnownFileType = folder.assetcatalog; path = Assets.xcassets; sourceTree = "<group>"; };
		03B70FC12891D976007D0901 /* Base */ = {isa = PBXFileReference; lastKnownFileType = file.storyboard; name = Base; path = Base.lproj/LaunchScreen.storyboard; sourceTree = "<group>"; };
		03B70FC32891D976007D0901 /* Info.plist */ = {isa = PBXFileReference; lastKnownFileType = text.plist.xml; path = Info.plist; sourceTree = "<group>"; };
		03B70FC82891D976007D0901 /* RegistrationDemoAppTests.xctest */ = {isa = PBXFileReference; explicitFileType = wrapper.cfbundle; includeInIndex = 0; path = RegistrationDemoAppTests.xctest; sourceTree = BUILT_PRODUCTS_DIR; };
		03B70FCC2891D976007D0901 /* RegistrationDemoAppTests.swift */ = {isa = PBXFileReference; lastKnownFileType = sourcecode.swift; path = RegistrationDemoAppTests.swift; sourceTree = "<group>"; };
		03B70FD22891D976007D0901 /* RegistrationDemoAppUITests.xctest */ = {isa = PBXFileReference; explicitFileType = wrapper.cfbundle; includeInIndex = 0; path = RegistrationDemoAppUITests.xctest; sourceTree = BUILT_PRODUCTS_DIR; };
		03B70FD62891D976007D0901 /* RegistrationDemoAppUITests.swift */ = {isa = PBXFileReference; lastKnownFileType = sourcecode.swift; path = RegistrationDemoAppUITests.swift; sourceTree = "<group>"; };
		03B70FD82891D976007D0901 /* RegistrationDemoAppUITestsLaunchTests.swift */ = {isa = PBXFileReference; lastKnownFileType = sourcecode.swift; path = RegistrationDemoAppUITestsLaunchTests.swift; sourceTree = "<group>"; };
/* End PBXFileReference section */

/* Begin PBXFrameworksBuildPhase section */
		03B70FAF2891D973007D0901 /* Frameworks */ = {
			isa = PBXFrameworksBuildPhase;
			buildActionMask = 2147483647;
			files = (
			);
			runOnlyForDeploymentPostprocessing = 0;
		};
		03B70FC52891D976007D0901 /* Frameworks */ = {
			isa = PBXFrameworksBuildPhase;
			buildActionMask = 2147483647;
			files = (
			);
			runOnlyForDeploymentPostprocessing = 0;
		};
		03B70FCF2891D976007D0901 /* Frameworks */ = {
			isa = PBXFrameworksBuildPhase;
			buildActionMask = 2147483647;
			files = (
			);
			runOnlyForDeploymentPostprocessing = 0;
		};
/* End PBXFrameworksBuildPhase section */

/* Begin PBXGroup section */
		03B70FA92891D973007D0901 = {
			isa = PBXGroup;
			children = (
				03B70FB42891D973007D0901 /* RegistrationDemoApp */,
				03B70FCB2891D976007D0901 /* RegistrationDemoAppTests */,
				03B70FD52891D976007D0901 /* RegistrationDemoAppUITests */,
				03B70FB32891D973007D0901 /* Products */,
			);
			sourceTree = "<group>";
		};
		03B70FB32891D973007D0901 /* Products */ = {
			isa = PBXGroup;
			children = (
				03B70FB22891D973007D0901 /* RegistrationDemoApp.app */,
				03B70FC82891D976007D0901 /* RegistrationDemoAppTests.xctest */,
				03B70FD22891D976007D0901 /* RegistrationDemoAppUITests.xctest */,
			);
			name = Products;
			sourceTree = "<group>";
		};
		03B70FB42891D973007D0901 /* RegistrationDemoApp */ = {
			isa = PBXGroup;
			children = (
				03B70FB52891D973007D0901 /* AppDelegate.swift */,
				03B70FB72891D973007D0901 /* SceneDelegate.swift */,
				03B70FB92891D973007D0901 /* ViewController.swift */,
				03B70FBB2891D973007D0901 /* Main.storyboard */,
				03B70FBE2891D976007D0901 /* Assets.xcassets */,
				03B70FC02891D976007D0901 /* LaunchScreen.storyboard */,
				03B70FC32891D976007D0901 /* Info.plist */,
			);
			path = RegistrationDemoApp;
			sourceTree = "<group>";
		};
		03B70FCB2891D976007D0901 /* RegistrationDemoAppTests */ = {
			isa = PBXGroup;
			children = (
				03B70FCC2891D976007D0901 /* RegistrationDemoAppTests.swift */,
			);
			path = RegistrationDemoAppTests;
			sourceTree = "<group>";
		};
		03B70FD52891D976007D0901 /* RegistrationDemoAppUITests */ = {
			isa = PBXGroup;
			children = (
				03B70FD62891D976007D0901 /* RegistrationDemoAppUITests.swift */,
				03B70FD82891D976007D0901 /* RegistrationDemoAppUITestsLaunchTests.swift */,
			);
			path = RegistrationDemoAppUITests;
			sourceTree = "<group>";
		};
/* End PBXGroup section */

/* Begin PBXNativeTarget section */
		03B70FB12891D973007D0901 /* RegistrationDemoApp */ = {
			isa = PBXNativeTarget;
			buildConfigurationList = 03B70FDC2891D976007D0901 /* Build configuration list for PBXNativeTarget "RegistrationDemoApp" */;
			buildPhases = (
				03B70FAE2891D973007D0901 /* Sources */,
				03B70FAF2891D973007D0901 /* Frameworks */,
				03B70FB02891D973007D0901 /* Resources */,
			);
			buildRules = (
			);
			dependencies = (
			);
			name = RegistrationDemoApp;
			productName = RegistrationDemoApp;
			productReference = 03B70FB22891D973007D0901 /* RegistrationDemoApp.app */;
			productType = "com.apple.product-type.application";
		};
		03B70FC72891D976007D0901 /* RegistrationDemoAppTests */ = {
			isa = PBXNativeTarget;
			buildConfigurationList = 03B70FDF2891D976007D0901 /* Build configuration list for PBXNativeTarget "RegistrationDemoAppTests" */;
			buildPhases = (
				03B70FC42891D976007D0901 /* Sources */,
				03B70FC52891D976007D0901 /* Frameworks */,
				03B70FC62891D976007D0901 /* Resources */,
			);
			buildRules = (
			);
			dependencies = (
				03B70FCA2891D976007D0901 /* PBXTargetDependency */,
			);
			name = RegistrationDemoAppTests;
			productName = RegistrationDemoAppTests;
			productReference = 03B70FC82891D976007D0901 /* RegistrationDemoAppTests.xctest */;
			productType = "com.apple.product-type.bundle.unit-test";
		};
		03B70FD12891D976007D0901 /* RegistrationDemoAppUITests */ = {
			isa = PBXNativeTarget;
			buildConfigurationList = 03B70FE22891D976007D0901 /* Build configuration list for PBXNativeTarget "RegistrationDemoAppUITests" */;
			buildPhases = (
				03B70FCE2891D976007D0901 /* Sources */,
				03B70FCF2891D976007D0901 /* Frameworks */,
				03B70FD02891D976007D0901 /* Resources */,
			);
			buildRules = (
			);
			dependencies = (
				03B70FD42891D976007D0901 /* PBXTargetDependency */,
			);
			name = RegistrationDemoAppUITests;
			productName = RegistrationDemoAppUITests;
			productReference = 03B70FD22891D976007D0901 /* RegistrationDemoAppUITests.xctest */;
			productType = "com.apple.product-type.bundle.ui-testing";
		};
/* End PBXNativeTarget section */

/* Begin PBXProject section */
		03B70FAA2891D973007D0901 /* Project object */ = {
			isa = PBXProject;
			attributes = {
				BuildIndependentTargetsInParallel = 1;
				LastSwiftUpdateCheck = 1340;
				LastUpgradeCheck = 1340;
				TargetAttributes = {
					03B70FB12891D973007D0901 = {
						CreatedOnToolsVersion = 13.4;
					};
					03B70FC72891D976007D0901 = {
						CreatedOnToolsVersion = 13.4;
						TestTargetID = 03B70FB12891D973007D0901;
					};
					03B70FD12891D976007D0901 = {
						CreatedOnToolsVersion = 13.4;
						TestTargetID = 03B70FB12891D973007D0901;
					};
				};
			};
			buildConfigurationList = 03B70FAD2891D973007D0901 /* Build configuration list for PBXProject "RegistrationDemoApp" */;
			compatibilityVersion = "Xcode 13.0";
			developmentRegion = en;
			hasScannedForEncodings = 0;
			knownRegions = (
				en,
				Base,
			);
			mainGroup = 03B70FA92891D973007D0901;
			productRefGroup = 03B70FB32891D973007D0901 /* Products */;
			projectDirPath = "";
			projectRoot = "";
			targets = (
				03B70FB12891D973007D0901 /* RegistrationDemoApp */,
				03B70FC72891D976007D0901 /* RegistrationDemoAppTests */,
				03B70FD12891D976007D0901 /* RegistrationDemoAppUITests */,
			);
		};
/* End PBXProject section */

/* Begin PBXResourcesBuildPhase section */
		03B70FB02891D973007D0901 /* Resources */ = {
			isa = PBXResourcesBuildPhase;
			buildActionMask = 2147483647;
			files = (
				03B70FC22891D976007D0901 /* LaunchScreen.storyboard in Resources */,
				03B70FBF2891D976007D0901 /* Assets.xcassets in Resources */,
				03B70FBD2891D973007D0901 /* Main.storyboard in Resources */,
			);
			runOnlyForDeploymentPostprocessing = 0;
		};
		03B70FC62891D976007D0901 /* Resources */ = {
			isa = PBXResourcesBuildPhase;
			buildActionMask = 2147483647;
			files = (
			);
			runOnlyForDeploymentPostprocessing = 0;
		};
		03B70FD02891D976007D0901 /* Resources */ = {
			isa = PBXResourcesBuildPhase;
			buildActionMask = 2147483647;
			files = (
			);
			runOnlyForDeploymentPostprocessing = 0;
		};
/* End PBXResourcesBuildPhase section */

/* Begin PBXSourcesBuildPhase section */
		03B70FAE2891D973007D0901 /* Sources */ = {
			isa = PBXSourcesBuildPhase;
			buildActionMask = 2147483647;
			files = (
				036ECF8C2892F9160021451E /* ViewController.swift in Sources */,
				03B70FB62891D973007D0901 /* AppDelegate.swift in Sources */,
				03B70FB82891D973007D0901 /* SceneDelegate.swift in Sources */,
			);
			runOnlyForDeploymentPostprocessing = 0;
		};
		03B70FC42891D976007D0901 /* Sources */ = {
			isa = PBXSourcesBuildPhase;
			buildActionMask = 2147483647;
			files = (
				03B70FCD2891D976007D0901 /* RegistrationDemoAppTests.swift in Sources */,
			);
			runOnlyForDeploymentPostprocessing = 0;
		};
		03B70FCE2891D976007D0901 /* Sources */ = {
			isa = PBXSourcesBuildPhase;
			buildActionMask = 2147483647;
			files = (
				03B70FD92891D976007D0901 /* RegistrationDemoAppUITestsLaunchTests.swift in Sources */,
				03B70FD72891D976007D0901 /* RegistrationDemoAppUITests.swift in Sources */,
			);
			runOnlyForDeploymentPostprocessing = 0;
		};
/* End PBXSourcesBuildPhase section */

/* Begin PBXTargetDependency section */
		03B70FCA2891D976007D0901 /* PBXTargetDependency */ = {
			isa = PBXTargetDependency;
			target = 03B70FB12891D973007D0901 /* RegistrationDemoApp */;
			targetProxy = 03B70FC92891D976007D0901 /* PBXContainerItemProxy */;
		};
		03B70FD42891D976007D0901 /* PBXTargetDependency */ = {
			isa = PBXTargetDependency;
			target = 03B70FB12891D973007D0901 /* RegistrationDemoApp */;
			targetProxy = 03B70FD32891D976007D0901 /* PBXContainerItemProxy */;
		};
/* End PBXTargetDependency section */

/* Begin PBXVariantGroup section */
		03B70FBB2891D973007D0901 /* Main.storyboard */ = {
			isa = PBXVariantGroup;
			children = (
				03B70FBC2891D973007D0901 /* Base */,
			);
			name = Main.storyboard;
			sourceTree = "<group>";
		};
		03B70FC02891D976007D0901 /* LaunchScreen.storyboard */ = {
			isa = PBXVariantGroup;
			children = (
				03B70FC12891D976007D0901 /* Base */,
			);
			name = LaunchScreen.storyboard;
			sourceTree = "<group>";
		};
/* End PBXVariantGroup section */

/* Begin XCBuildConfiguration section */
		03B70FDA2891D976007D0901 /* Debug */ = {
			isa = XCBuildConfiguration;
			buildSettings = {
				ALWAYS_SEARCH_USER_PATHS = NO;
				CLANG_ANALYZER_NONNULL = YES;
				CLANG_ANALYZER_NUMBER_OBJECT_CONVERSION = YES_AGGRESSIVE;
				CLANG_CXX_LANGUAGE_STANDARD = "gnu++17";
				CLANG_ENABLE_MODULES = YES;
				CLANG_ENABLE_OBJC_ARC = YES;
				CLANG_ENABLE_OBJC_WEAK = YES;
				CLANG_WARN_BLOCK_CAPTURE_AUTORELEASING = YES;
				CLANG_WARN_BOOL_CONVERSION = YES;
				CLANG_WARN_COMMA = YES;
				CLANG_WARN_CONSTANT_CONVERSION = YES;
				CLANG_WARN_DEPRECATED_OBJC_IMPLEMENTATIONS = YES;
				CLANG_WARN_DIRECT_OBJC_ISA_USAGE = YES_ERROR;
				CLANG_WARN_DOCUMENTATION_COMMENTS = YES;
				CLANG_WARN_EMPTY_BODY = YES;
				CLANG_WARN_ENUM_CONVERSION = YES;
				CLANG_WARN_INFINITE_RECURSION = YES;
				CLANG_WARN_INT_CONVERSION = YES;
				CLANG_WARN_NON_LITERAL_NULL_CONVERSION = YES;
				CLANG_WARN_OBJC_IMPLICIT_RETAIN_SELF = YES;
				CLANG_WARN_OBJC_LITERAL_CONVERSION = YES;
				CLANG_WARN_OBJC_ROOT_CLASS = YES_ERROR;
				CLANG_WARN_QUOTED_INCLUDE_IN_FRAMEWORK_HEADER = YES;
				CLANG_WARN_RANGE_LOOP_ANALYSIS = YES;
				CLANG_WARN_STRICT_PROTOTYPES = YES;
				CLANG_WARN_SUSPICIOUS_MOVE = YES;
				CLANG_WARN_UNGUARDED_AVAILABILITY = YES_AGGRESSIVE;
				CLANG_WARN_UNREACHABLE_CODE = YES;
				CLANG_WARN__DUPLICATE_METHOD_MATCH = YES;
				COPY_PHASE_STRIP = NO;
				DEBUG_INFORMATION_FORMAT = dwarf;
				ENABLE_STRICT_OBJC_MSGSEND = YES;
				ENABLE_TESTABILITY = YES;
				GCC_C_LANGUAGE_STANDARD = gnu11;
				GCC_DYNAMIC_NO_PIC = NO;
				GCC_NO_COMMON_BLOCKS = YES;
				GCC_OPTIMIZATION_LEVEL = 0;
				GCC_PREPROCESSOR_DEFINITIONS = (
					"DEBUG=1",
					"$(inherited)",
				);
				GCC_WARN_64_TO_32_BIT_CONVERSION = YES;
				GCC_WARN_ABOUT_RETURN_TYPE = YES_ERROR;
				GCC_WARN_UNDECLARED_SELECTOR = YES;
				GCC_WARN_UNINITIALIZED_AUTOS = YES_AGGRESSIVE;
				GCC_WARN_UNUSED_FUNCTION = YES;
				GCC_WARN_UNUSED_VARIABLE = YES;
				IPHONEOS_DEPLOYMENT_TARGET = 15.5;
				MTL_ENABLE_DEBUG_INFO = INCLUDE_SOURCE;
				MTL_FAST_MATH = YES;
				ONLY_ACTIVE_ARCH = YES;
				SDKROOT = iphoneos;
				SWIFT_ACTIVE_COMPILATION_CONDITIONS = DEBUG;
				SWIFT_OPTIMIZATION_LEVEL = "-Onone";
			};
			name = Debug;
		};
		03B70FDB2891D976007D0901 /* Release */ = {
			isa = XCBuildConfiguration;
			buildSettings = {
				ALWAYS_SEARCH_USER_PATHS = NO;
				CLANG_ANALYZER_NONNULL = YES;
				CLANG_ANALYZER_NUMBER_OBJECT_CONVERSION = YES_AGGRESSIVE;
				CLANG_CXX_LANGUAGE_STANDARD = "gnu++17";
				CLANG_ENABLE_MODULES = YES;
				CLANG_ENABLE_OBJC_ARC = YES;
				CLANG_ENABLE_OBJC_WEAK = YES;
				CLANG_WARN_BLOCK_CAPTURE_AUTORELEASING = YES;
				CLANG_WARN_BOOL_CONVERSION = YES;
				CLANG_WARN_COMMA = YES;
				CLANG_WARN_CONSTANT_CONVERSION = YES;
				CLANG_WARN_DEPRECATED_OBJC_IMPLEMENTATIONS = YES;
				CLANG_WARN_DIRECT_OBJC_ISA_USAGE = YES_ERROR;
				CLANG_WARN_DOCUMENTATION_COMMENTS = YES;
				CLANG_WARN_EMPTY_BODY = YES;
				CLANG_WARN_ENUM_CONVERSION = YES;
				CLANG_WARN_INFINITE_RECURSION = YES;
				CLANG_WARN_INT_CONVERSION = YES;
				CLANG_WARN_NON_LITERAL_NULL_CONVERSION = YES;
				CLANG_WARN_OBJC_IMPLICIT_RETAIN_SELF = YES;
				CLANG_WARN_OBJC_LITERAL_CONVERSION = YES;
				CLANG_WARN_OBJC_ROOT_CLASS = YES_ERROR;
				CLANG_WARN_QUOTED_INCLUDE_IN_FRAMEWORK_HEADER = YES;
				CLANG_WARN_RANGE_LOOP_ANALYSIS = YES;
				CLANG_WARN_STRICT_PROTOTYPES = YES;
				CLANG_WARN_SUSPICIOUS_MOVE = YES;
				CLANG_WARN_UNGUARDED_AVAILABILITY = YES_AGGRESSIVE;
				CLANG_WARN_UNREACHABLE_CODE = YES;
				CLANG_WARN__DUPLICATE_METHOD_MATCH = YES;
				COPY_PHASE_STRIP = NO;
				DEBUG_INFORMATION_FORMAT = "dwarf-with-dsym";
				ENABLE_NS_ASSERTIONS = NO;
				ENABLE_STRICT_OBJC_MSGSEND = YES;
				GCC_C_LANGUAGE_STANDARD = gnu11;
				GCC_NO_COMMON_BLOCKS = YES;
				GCC_WARN_64_TO_32_BIT_CONVERSION = YES;
				GCC_WARN_ABOUT_RETURN_TYPE = YES_ERROR;
				GCC_WARN_UNDECLARED_SELECTOR = YES;
				GCC_WARN_UNINITIALIZED_AUTOS = YES_AGGRESSIVE;
				GCC_WARN_UNUSED_FUNCTION = YES;
				GCC_WARN_UNUSED_VARIABLE = YES;
				IPHONEOS_DEPLOYMENT_TARGET = 15.5;
				MTL_ENABLE_DEBUG_INFO = NO;
				MTL_FAST_MATH = YES;
				SDKROOT = iphoneos;
				SWIFT_COMPILATION_MODE = wholemodule;
				SWIFT_OPTIMIZATION_LEVEL = "-O";
				VALIDATE_PRODUCT = YES;
			};
			name = Release;
		};
		03B70FDD2891D976007D0901 /* Debug */ = {
			isa = XCBuildConfiguration;
			buildSettings = {
				ASSETCATALOG_COMPILER_APPICON_NAME = AppIcon;
				ASSETCATALOG_COMPILER_GLOBAL_ACCENT_COLOR_NAME = AccentColor;
				CODE_SIGN_STYLE = Automatic;
				CURRENT_PROJECT_VERSION = 1;
				GENERATE_INFOPLIST_FILE = YES;
				INFOPLIST_FILE = RegistrationDemoApp/Info.plist;
				INFOPLIST_KEY_UIApplicationSupportsIndirectInputEvents = YES;
				INFOPLIST_KEY_UILaunchStoryboardName = LaunchScreen;
				INFOPLIST_KEY_UIMainStoryboardFile = Main;
				INFOPLIST_KEY_UISupportedInterfaceOrientations_iPad = "UIInterfaceOrientationPortrait UIInterfaceOrientationPortraitUpsideDown UIInterfaceOrientationLandscapeLeft UIInterfaceOrientationLandscapeRight";
				INFOPLIST_KEY_UISupportedInterfaceOrientations_iPhone = "UIInterfaceOrientationPortrait UIInterfaceOrientationLandscapeLeft UIInterfaceOrientationLandscapeRight";
				LD_RUNPATH_SEARCH_PATHS = (
					"$(inherited)",
					"@executable_path/Frameworks",
				);
				MARKETING_VERSION = 1.0;
				PRODUCT_BUNDLE_IDENTIFIER = com.amazon.Practice.RegistrationDemoApp;
				PRODUCT_NAME = "$(TARGET_NAME)";
				SWIFT_EMIT_LOC_STRINGS = YES;
				SWIFT_VERSION = 5.0;
				TARGETED_DEVICE_FAMILY = "1,2";
			};
			name = Debug;
		};
		03B70FDE2891D976007D0901 /* Release */ = {
			isa = XCBuildConfiguration;
			buildSettings = {
				ASSETCATALOG_COMPILER_APPICON_NAME = AppIcon;
				ASSETCATALOG_COMPILER_GLOBAL_ACCENT_COLOR_NAME = AccentColor;
				CODE_SIGN_STYLE = Automatic;
				CURRENT_PROJECT_VERSION = 1;
				GENERATE_INFOPLIST_FILE = YES;
				INFOPLIST_FILE = RegistrationDemoApp/Info.plist;
				INFOPLIST_KEY_UIApplicationSupportsIndirectInputEvents = YES;
				INFOPLIST_KEY_UILaunchStoryboardName = LaunchScreen;
				INFOPLIST_KEY_UIMainStoryboardFile = Main;
				INFOPLIST_KEY_UISupportedInterfaceOrientations_iPad = "UIInterfaceOrientationPortrait UIInterfaceOrientationPortraitUpsideDown UIInterfaceOrientationLandscapeLeft UIInterfaceOrientationLandscapeRight";
				INFOPLIST_KEY_UISupportedInterfaceOrientations_iPhone = "UIInterfaceOrientationPortrait UIInterfaceOrientationLandscapeLeft UIInterfaceOrientationLandscapeRight";
				LD_RUNPATH_SEARCH_PATHS = (
					"$(inherited)",
					"@executable_path/Frameworks",
				);
				MARKETING_VERSION = 1.0;
				PRODUCT_BUNDLE_IDENTIFIER = com.amazon.Practice.RegistrationDemoApp;
				PRODUCT_NAME = "$(TARGET_NAME)";
				SWIFT_EMIT_LOC_STRINGS = YES;
				SWIFT_VERSION = 5.0;
				TARGETED_DEVICE_FAMILY = "1,2";
			};
			name = Release;
		};
		03B70FE02891D976007D0901 /* Debug */ = {
			isa = XCBuildConfiguration;
			buildSettings = {
				ALWAYS_EMBED_SWIFT_STANDARD_LIBRARIES = YES;
				BUNDLE_LOADER = "$(TEST_HOST)";
				CODE_SIGN_STYLE = Automatic;
				CURRENT_PROJECT_VERSION = 1;
				GENERATE_INFOPLIST_FILE = YES;
				IPHONEOS_DEPLOYMENT_TARGET = 15.5;
				MARKETING_VERSION = 1.0;
				PRODUCT_BUNDLE_IDENTIFIER = com.amazon.Practice.RegistrationDemoAppTests;
				PRODUCT_NAME = "$(TARGET_NAME)";
				SWIFT_EMIT_LOC_STRINGS = NO;
				SWIFT_VERSION = 5.0;
				TARGETED_DEVICE_FAMILY = "1,2";
				TEST_HOST = "$(BUILT_PRODUCTS_DIR)/RegistrationDemoApp.app/RegistrationDemoApp";
			};
			name = Debug;
		};
		03B70FE12891D976007D0901 /* Release */ = {
			isa = XCBuildConfiguration;
			buildSettings = {
				ALWAYS_EMBED_SWIFT_STANDARD_LIBRARIES = YES;
				BUNDLE_LOADER = "$(TEST_HOST)";
				CODE_SIGN_STYLE = Automatic;
				CURRENT_PROJECT_VERSION = 1;
				GENERATE_INFOPLIST_FILE = YES;
				IPHONEOS_DEPLOYMENT_TARGET = 15.5;
				MARKETING_VERSION = 1.0;
				PRODUCT_BUNDLE_IDENTIFIER = com.amazon.Practice.RegistrationDemoAppTests;
				PRODUCT_NAME = "$(TARGET_NAME)";
				SWIFT_EMIT_LOC_STRINGS = NO;
				SWIFT_VERSION = 5.0;
				TARGETED_DEVICE_FAMILY = "1,2";
				TEST_HOST = "$(BUILT_PRODUCTS_DIR)/RegistrationDemoApp.app/RegistrationDemoApp";
			};
			name = Release;
		};
		03B70FE32891D976007D0901 /* Debug */ = {
			isa = XCBuildConfiguration;
			buildSettings = {
				ALWAYS_EMBED_SWIFT_STANDARD_LIBRARIES = YES;
				CODE_SIGN_STYLE = Automatic;
				CURRENT_PROJECT_VERSION = 1;
				GENERATE_INFOPLIST_FILE = YES;
				MARKETING_VERSION = 1.0;
				PRODUCT_BUNDLE_IDENTIFIER = com.amazon.Practice.RegistrationDemoAppUITests;
				PRODUCT_NAME = "$(TARGET_NAME)";
				SWIFT_EMIT_LOC_STRINGS = NO;
				SWIFT_VERSION = 5.0;
				TARGETED_DEVICE_FAMILY = "1,2";
				TEST_TARGET_NAME = RegistrationDemoApp;
			};
			name = Debug;
		};
		03B70FE42891D976007D0901 /* Release */ = {
			isa = XCBuildConfiguration;
			buildSettings = {
				ALWAYS_EMBED_SWIFT_STANDARD_LIBRARIES = YES;
				CODE_SIGN_STYLE = Automatic;
				CURRENT_PROJECT_VERSION = 1;
				GENERATE_INFOPLIST_FILE = YES;
				MARKETING_VERSION = 1.0;
				PRODUCT_BUNDLE_IDENTIFIER = com.amazon.Practice.RegistrationDemoAppUITests;
				PRODUCT_NAME = "$(TARGET_NAME)";
				SWIFT_EMIT_LOC_STRINGS = NO;
				SWIFT_VERSION = 5.0;
				TARGETED_DEVICE_FAMILY = "1,2";
				TEST_TARGET_NAME = RegistrationDemoApp;
			};
			name = Release;
		};
/* End XCBuildConfiguration section */

/* Begin XCConfigurationList section */
		03B70FAD2891D973007D0901 /* Build configuration list for PBXProject "RegistrationDemoApp" */ = {
			isa = XCConfigurationList;
			buildConfigurations = (
				03B70FDA2891D976007D0901 /* Debug */,
				03B70FDB2891D976007D0901 /* Release */,
			);
			defaultConfigurationIsVisible = 0;
			defaultConfigurationName = Release;
		};
		03B70FDC2891D976007D0901 /* Build configuration list for PBXNativeTarget "RegistrationDemoApp" */ = {
			isa = XCConfigurationList;
			buildConfigurations = (
				03B70FDD2891D976007D0901 /* Debug */,
				03B70FDE2891D976007D0901 /* Release */,
			);
			defaultConfigurationIsVisible = 0;
			defaultConfigurationName = Release;
		};
		03B70FDF2891D976007D0901 /* Build configuration list for PBXNativeTarget "RegistrationDemoAppTests" */ = {
			isa = XCConfigurationList;
			buildConfigurations = (
				03B70FE02891D976007D0901 /* Debug */,
				03B70FE12891D976007D0901 /* Release */,
			);
			defaultConfigurationIsVisible = 0;
			defaultConfigurationName = Release;
		};
		03B70FE22891D976007D0901 /* Build configuration list for PBXNativeTarget "RegistrationDemoAppUITests" */ = {
			isa = XCConfigurationList;
			buildConfigurations = (
				03B70FE32891D976007D0901 /* Debug */,
				03B70FE42891D976007D0901 /* Release */,
			);
			defaultConfigurationIsVisible = 0;
			defaultConfigurationName = Release;
		};
/* End XCConfigurationList section */
	};
	rootObject = 03B70FAA2891D973007D0901 /* Project object */;
}
